// !$*UTF8*$!
{
	archiveVersion = 1;
	classes = {
	};
	objectVersion = 46;
	objects = {

/* Begin PBXBuildFile section */
		190C92DD1D2D15C3008C3404 /* LeftViewController.m in Sources */ = {isa = PBXBuildFile; fileRef = 190C92D81D2D15C3008C3404 /* LeftViewController.m */; };
		190C92DE1D2D15C3008C3404 /* LeftViewController.xib in Resources */ = {isa = PBXBuildFile; fileRef = 190C92D91D2D15C3008C3404 /* LeftViewController.xib */; };
		190C92DF1D2D15C3008C3404 /* LeftMenuViewCell.m in Sources */ = {isa = PBXBuildFile; fileRef = 190C92DB1D2D15C3008C3404 /* LeftMenuViewCell.m */; };
		190C92E01D2D15C3008C3404 /* LeftMenuViewCell.xib in Resources */ = {isa = PBXBuildFile; fileRef = 190C92DC1D2D15C3008C3404 /* LeftMenuViewCell.xib */; };
		190C92E41D2D1A28008C3404 /* ConsignmentViewController.m in Sources */ = {isa = PBXBuildFile; fileRef = 190C92E21D2D1A28008C3404 /* ConsignmentViewController.m */; };
		190C92E51D2D1A28008C3404 /* ConsignmentViewController.xib in Resources */ = {isa = PBXBuildFile; fileRef = 190C92E31D2D1A28008C3404 /* ConsignmentViewController.xib */; };
		1913FE151D719C820035825C /* CategoryWiseTagListViewController.m in Sources */ = {isa = PBXBuildFile; fileRef = 1913FE131D719C820035825C /* CategoryWiseTagListViewController.m */; };
		1913FE161D719C820035825C /* CategoryWiseTagListViewController.xib in Resources */ = {isa = PBXBuildFile; fileRef = 1913FE141D719C820035825C /* CategoryWiseTagListViewController.xib */; };
		19226CD81D37C33B00A25C3D /* circle.png in Resources */ = {isa = PBXBuildFile; fileRef = 19226CD71D37C33B00A25C3D /* circle.png */; };
		1925453C1D1C0AC0003276B7 /* CoreBluetooth.framework in Frameworks */ = {isa = PBXBuildFile; fileRef = 1925453B1D1C0AC0003276B7 /* CoreBluetooth.framework */; };
		192D2E311D252FE3005CA7BD /* SplashScreen640-1136.png in Resources */ = {isa = PBXBuildFile; fileRef = 192D2E301D252FE3005CA7BD /* SplashScreen640-1136.png */; };
		192EF9C81D756F0B00F7F9D8 /* QuotationHomeViewController.m in Sources */ = {isa = PBXBuildFile; fileRef = 192EF9C61D756F0B00F7F9D8 /* QuotationHomeViewController.m */; };
		192EF9C91D756F0B00F7F9D8 /* QuotationHomeViewController.xib in Resources */ = {isa = PBXBuildFile; fileRef = 192EF9C71D756F0B00F7F9D8 /* QuotationHomeViewController.xib */; };
		19330DEA1D5498EC004C981E /* AudioToolbox.framework in Frameworks */ = {isa = PBXBuildFile; fileRef = 19330DE91D5498EC004C981E /* AudioToolbox.framework */; };
		19330DEC1D549BFF004C981E /* beep-02.wav in Resources */ = {isa = PBXBuildFile; fileRef = 19330DEB1D549BFF004C981E /* beep-02.wav */; };
		19330DEE1D549D88004C981E /* beep-08b.mp3 in Resources */ = {isa = PBXBuildFile; fileRef = 19330DED1D549D88004C981E /* beep-08b.mp3 */; };
		195215451D6B007800F78D37 /* bluetooth.png in Resources */ = {isa = PBXBuildFile; fileRef = 195215431D6B007800F78D37 /* bluetooth.png */; };
		195215461D6B007900F78D37 /* syncsrd.png in Resources */ = {isa = PBXBuildFile; fileRef = 195215441D6B007800F78D37 /* syncsrd.png */; };
		1952154A1D6B03AB00F78D37 /* CAPSPageMenu.m in Sources */ = {isa = PBXBuildFile; fileRef = 195215491D6B03AB00F78D37 /* CAPSPageMenu.m */; };
		195249071D4777F0005518DD /* SFHFKeychainUtils.m in Sources */ = {isa = PBXBuildFile; fileRef = 195249061D4777F0005518DD /* SFHFKeychainUtils.m */; };
		195BA3A71D2E26A2007D9FB6 /* menu_icon.png in Resources */ = {isa = PBXBuildFile; fileRef = 195BA3A61D2E26A2007D9FB6 /* menu_icon.png */; };
		195BA3AE1D2E400B007D9FB6 /* TagListViewController.m in Sources */ = {isa = PBXBuildFile; fileRef = 195BA3AC1D2E400B007D9FB6 /* TagListViewController.m */; };
		195BA3AF1D2E400B007D9FB6 /* TagListViewController.xib in Resources */ = {isa = PBXBuildFile; fileRef = 195BA3AD1D2E400B007D9FB6 /* TagListViewController.xib */; };
		195BA3B31D2E40BB007D9FB6 /* TagViewCell.m in Sources */ = {isa = PBXBuildFile; fileRef = 195BA3B11D2E40BB007D9FB6 /* TagViewCell.m */; };
		195BA3B41D2E40BB007D9FB6 /* TagViewCell.xib in Resources */ = {isa = PBXBuildFile; fileRef = 195BA3B21D2E40BB007D9FB6 /* TagViewCell.xib */; };
		19660D841D1194DB0062FA27 /* main.m in Sources */ = {isa = PBXBuildFile; fileRef = 19660D831D1194DB0062FA27 /* main.m */; };
		19660D871D1194DB0062FA27 /* AppDelegate.m in Sources */ = {isa = PBXBuildFile; fileRef = 19660D861D1194DB0062FA27 /* AppDelegate.m */; };
		19660D901D1194DB0062FA27 /* tagitICE.xcdatamodeld in Sources */ = {isa = PBXBuildFile; fileRef = 19660D8E1D1194DB0062FA27 /* tagitICE.xcdatamodeld */; };
		19660D921D1194DB0062FA27 /* Assets.xcassets in Resources */ = {isa = PBXBuildFile; fileRef = 19660D911D1194DB0062FA27 /* Assets.xcassets */; };
		19660D951D1194DB0062FA27 /* LaunchScreen.storyboard in Resources */ = {isa = PBXBuildFile; fileRef = 19660D931D1194DB0062FA27 /* LaunchScreen.storyboard */; };
		1967B0911D2BEA6500AC8C41 /* AMSlideMenuContentSegue.m in Sources */ = {isa = PBXBuildFile; fileRef = 1967B0831D2BEA6500AC8C41 /* AMSlideMenuContentSegue.m */; };
		1967B0921D2BEA6500AC8C41 /* AMSlideMenuLeftMenuSegue.m in Sources */ = {isa = PBXBuildFile; fileRef = 1967B0851D2BEA6500AC8C41 /* AMSlideMenuLeftMenuSegue.m */; };
		1967B0931D2BEA6500AC8C41 /* AMSlideMenuLeftTableViewController.m in Sources */ = {isa = PBXBuildFile; fileRef = 1967B0871D2BEA6500AC8C41 /* AMSlideMenuLeftTableViewController.m */; };
		1967B0941D2BEA6500AC8C41 /* AMSlideMenuMainViewController.m in Sources */ = {isa = PBXBuildFile; fileRef = 1967B0891D2BEA6500AC8C41 /* AMSlideMenuMainViewController.m */; };
		1967B0951D2BEA6500AC8C41 /* AMSlideMenuRightMenuSegue.m in Sources */ = {isa = PBXBuildFile; fileRef = 1967B08C1D2BEA6500AC8C41 /* AMSlideMenuRightMenuSegue.m */; };
		1967B0961D2BEA6500AC8C41 /* AMSlideMenuRightTableViewController.m in Sources */ = {isa = PBXBuildFile; fileRef = 1967B08E1D2BEA6500AC8C41 /* AMSlideMenuRightTableViewController.m */; };
		1967B0971D2BEA6500AC8C41 /* UIViewController+AMSlideMenu.m in Sources */ = {isa = PBXBuildFile; fileRef = 1967B0901D2BEA6500AC8C41 /* UIViewController+AMSlideMenu.m */; };
		1967B09A1D2BEAB900AC8C41 /* MainVC.m in Sources */ = {isa = PBXBuildFile; fileRef = 1967B0991D2BEAB900AC8C41 /* MainVC.m */; };
		197573AE1D19785B00A8B38A /* AFAppAPIClient.m in Sources */ = {isa = PBXBuildFile; fileRef = 197573AD1D19785B00A8B38A /* AFAppAPIClient.m */; };
		197573C21D19786800A8B38A /* AFHTTPRequestOperation.m in Sources */ = {isa = PBXBuildFile; fileRef = 197573B01D19786800A8B38A /* AFHTTPRequestOperation.m */; };
		197573C31D19786800A8B38A /* AFHTTPRequestOperationManager.m in Sources */ = {isa = PBXBuildFile; fileRef = 197573B21D19786800A8B38A /* AFHTTPRequestOperationManager.m */; };
		197573C41D19786800A8B38A /* AFHTTPSessionManager.m in Sources */ = {isa = PBXBuildFile; fileRef = 197573B41D19786800A8B38A /* AFHTTPSessionManager.m */; };
		197573C51D19786800A8B38A /* AFNetworkReachabilityManager.m in Sources */ = {isa = PBXBuildFile; fileRef = 197573B71D19786800A8B38A /* AFNetworkReachabilityManager.m */; };
		197573C61D19786800A8B38A /* AFSecurityPolicy.m in Sources */ = {isa = PBXBuildFile; fileRef = 197573B91D19786800A8B38A /* AFSecurityPolicy.m */; };
		197573C71D19786800A8B38A /* AFURLConnectionOperation.m in Sources */ = {isa = PBXBuildFile; fileRef = 197573BB1D19786800A8B38A /* AFURLConnectionOperation.m */; };
		197573C81D19786800A8B38A /* AFURLRequestSerialization.m in Sources */ = {isa = PBXBuildFile; fileRef = 197573BD1D19786800A8B38A /* AFURLRequestSerialization.m */; };
		197573C91D19786800A8B38A /* AFURLResponseSerialization.m in Sources */ = {isa = PBXBuildFile; fileRef = 197573BF1D19786800A8B38A /* AFURLResponseSerialization.m */; };
		197573CA1D19786800A8B38A /* AFURLSessionManager.m in Sources */ = {isa = PBXBuildFile; fileRef = 197573C11D19786800A8B38A /* AFURLSessionManager.m */; };
		197573DC1D19787A00A8B38A /* AFNetworkActivityIndicatorManager.m in Sources */ = {isa = PBXBuildFile; fileRef = 197573CC1D19787A00A8B38A /* AFNetworkActivityIndicatorManager.m */; };
		197573DD1D19787A00A8B38A /* UIActivityIndicatorView+AFNetworking.m in Sources */ = {isa = PBXBuildFile; fileRef = 197573CE1D19787A00A8B38A /* UIActivityIndicatorView+AFNetworking.m */; };
		197573DE1D19787A00A8B38A /* UIAlertView+AFNetworking.m in Sources */ = {isa = PBXBuildFile; fileRef = 197573D01D19787A00A8B38A /* UIAlertView+AFNetworking.m */; };
		197573DF1D19787A00A8B38A /* UIButton+AFNetworking.m in Sources */ = {isa = PBXBuildFile; fileRef = 197573D21D19787A00A8B38A /* UIButton+AFNetworking.m */; };
		197573E01D19787A00A8B38A /* UIImageView+AFNetworking.m in Sources */ = {isa = PBXBuildFile; fileRef = 197573D41D19787A00A8B38A /* UIImageView+AFNetworking.m */; };
		197573E11D19787A00A8B38A /* UIProgressView+AFNetworking.m in Sources */ = {isa = PBXBuildFile; fileRef = 197573D71D19787A00A8B38A /* UIProgressView+AFNetworking.m */; };
		197573E21D19787A00A8B38A /* UIRefreshControl+AFNetworking.m in Sources */ = {isa = PBXBuildFile; fileRef = 197573D91D19787A00A8B38A /* UIRefreshControl+AFNetworking.m */; };
		197573E31D19787A00A8B38A /* UIWebView+AFNetworking.m in Sources */ = {isa = PBXBuildFile; fileRef = 197573DB1D19787A00A8B38A /* UIWebView+AFNetworking.m */; };
		197573E61D1978AB00A8B38A /* utilees.m in Sources */ = {isa = PBXBuildFile; fileRef = 197573E51D1978AB00A8B38A /* utilees.m */; };
		197675981D51C3B50029E98E /* CommoninventoryCommand.m in Sources */ = {isa = PBXBuildFile; fileRef = 197675971D51C3B50029E98E /* CommoninventoryCommand.m */; };
		1976759C1D51DD160029E98E /* SearchTagViewCell.m in Sources */ = {isa = PBXBuildFile; fileRef = 1976759A1D51DD160029E98E /* SearchTagViewCell.m */; };
		1976759D1D51DD160029E98E /* SearchTagViewCell.xib in Resources */ = {isa = PBXBuildFile; fileRef = 1976759B1D51DD160029E98E /* SearchTagViewCell.xib */; };
		1977877D1D17DA2000712042 /* RegisterViewController.m in Sources */ = {isa = PBXBuildFile; fileRef = 1977877B1D17DA2000712042 /* RegisterViewController.m */; };
		1977877E1D17DA2000712042 /* RegisterViewController.xib in Resources */ = {isa = PBXBuildFile; fileRef = 1977877C1D17DA2000712042 /* RegisterViewController.xib */; };
		197787821D17F04800712042 /* ForgotPassViewController.m in Sources */ = {isa = PBXBuildFile; fileRef = 197787801D17F04800712042 /* ForgotPassViewController.m */; };
		197787831D17F04800712042 /* ForgotPassViewController.xib in Resources */ = {isa = PBXBuildFile; fileRef = 197787811D17F04800712042 /* ForgotPassViewController.xib */; };
		197787871D17F76900712042 /* BluetoothScanViewController.m in Sources */ = {isa = PBXBuildFile; fileRef = 197787851D17F76900712042 /* BluetoothScanViewController.m */; };
		197787881D17F76900712042 /* BluetoothScanViewController.xib in Resources */ = {isa = PBXBuildFile; fileRef = 197787861D17F76900712042 /* BluetoothScanViewController.xib */; };
		1977878C1D17F99B00712042 /* ScanViewCell.m in Sources */ = {isa = PBXBuildFile; fileRef = 1977878A1D17F99B00712042 /* ScanViewCell.m */; };
		1977878D1D17F99B00712042 /* ScanViewCell.xib in Resources */ = {isa = PBXBuildFile; fileRef = 1977878B1D17F99B00712042 /* ScanViewCell.xib */; };
		1982A78C1D49E20B004DC572 /* SearchViewController.m in Sources */ = {isa = PBXBuildFile; fileRef = 1982A78A1D49E20B004DC572 /* SearchViewController.m */; };
		1982A78D1D49E20B004DC572 /* SearchViewController.xib in Resources */ = {isa = PBXBuildFile; fileRef = 1982A78B1D49E20B004DC572 /* SearchViewController.xib */; };
		1990FE1C1D3E5A6F0010955D /* MessageUI.framework in Frameworks */ = {isa = PBXBuildFile; fileRef = 1990FE1B1D3E5A6F0010955D /* MessageUI.framework */; };
		1997513C1D2FB104002C26F8 /* StockCheckViewController.m in Sources */ = {isa = PBXBuildFile; fileRef = 1997513A1D2FB104002C26F8 /* StockCheckViewController.m */; };
		1997513D1D2FB104002C26F8 /* StockCheckViewController.xib in Resources */ = {isa = PBXBuildFile; fileRef = 1997513B1D2FB104002C26F8 /* StockCheckViewController.xib */; };
		199AD4D31D4B6315007A284C /* SelectReaderInfo.m in Sources */ = {isa = PBXBuildFile; fileRef = 199AD4D21D4B6315007A284C /* SelectReaderInfo.m */; };
		19AC8F301D707F84009512EA /* GoogleDriveFileListController.m in Sources */ = {isa = PBXBuildFile; fileRef = 19AC8F2E1D707F84009512EA /* GoogleDriveFileListController.m */; };
		19AC8F311D707F84009512EA /* GoogleDriveFileListController.xib in Resources */ = {isa = PBXBuildFile; fileRef = 19AC8F2F1D707F84009512EA /* GoogleDriveFileListController.xib */; };
		19B19C871D534ECD000DC8A7 /* ACFloatingTextField.m in Sources */ = {isa = PBXBuildFile; fileRef = 19B19C861D534ECD000DC8A7 /* ACFloatingTextField.m */; };
		19B3D0DB1D6F1FAD0095576C /* LoadStockViewController.m in Sources */ = {isa = PBXBuildFile; fileRef = 19B3D0D91D6F1FAD0095576C /* LoadStockViewController.m */; };
		19B3D0DC1D6F1FAD0095576C /* LoadStockViewController.xib in Resources */ = {isa = PBXBuildFile; fileRef = 19B3D0DA1D6F1FAD0095576C /* LoadStockViewController.xib */; };
		19B50D211D2AA1E5004C2C9B /* back.png in Resources */ = {isa = PBXBuildFile; fileRef = 19B50D201D2AA1E5004C2C9B /* back.png */; };
		19BC2E351D1D7A1400B6EC9D /* Images.xcassets in Resources */ = {isa = PBXBuildFile; fileRef = 19BC2E341D1D7A1300B6EC9D /* Images.xcassets */; };
		19BFAE3C1D3CE50000F3D101 /* Tags+CoreDataProperties.m in Sources */ = {isa = PBXBuildFile; fileRef = 19BFAE391D3CE50000F3D101 /* Tags+CoreDataProperties.m */; };
		19BFAE3D1D3CE50000F3D101 /* Tags.m in Sources */ = {isa = PBXBuildFile; fileRef = 19BFAE3B1D3CE50000F3D101 /* Tags.m */; };
		19C21ED51D17D03A006DFCBA /* LoginViewController.m in Sources */ = {isa = PBXBuildFile; fileRef = 19C21ED31D17D03A006DFCBA /* LoginViewController.m */; };
		19C21ED61D17D03A006DFCBA /* LoginViewController.xib in Resources */ = {isa = PBXBuildFile; fileRef = 19C21ED41D17D03A006DFCBA /* LoginViewController.xib */; };
		19C360291D34CEE600A4D647 /* ExternalAccessory.framework in Frameworks */ = {isa = PBXBuildFile; fileRef = 19C360281D34CEE600A4D647 /* ExternalAccessory.framework */; };
		19C3602B1D34CF3E00A4D647 /* TSLAsciiCommands.framework in Frameworks */ = {isa = PBXBuildFile; fileRef = 19C3602A1D34CF3E00A4D647 /* TSLAsciiCommands.framework */; };
		19C8201B1D6C3CCF0057AA0E /* TagViewController.m in Sources */ = {isa = PBXBuildFile; fileRef = 19C820191D6C3CCF0057AA0E /* TagViewController.m */; };
		19C8201C1D6C3CCF0057AA0E /* TagViewController.xib in Resources */ = {isa = PBXBuildFile; fileRef = 19C8201A1D6C3CCF0057AA0E /* TagViewController.xib */; };
		19C820251D6C68C00057AA0E /* AllTagListViewController.m in Sources */ = {isa = PBXBuildFile; fileRef = 19C820231D6C68C00057AA0E /* AllTagListViewController.m */; };
		19C820261D6C68C00057AA0E /* AllTagListViewController.xib in Resources */ = {isa = PBXBuildFile; fileRef = 19C820241D6C68C00057AA0E /* AllTagListViewController.xib */; };
		19C8202A1D6C68D70057AA0E /* CategoryTagListViewController.m in Sources */ = {isa = PBXBuildFile; fileRef = 19C820281D6C68D70057AA0E /* CategoryTagListViewController.m */; };
		19C8202B1D6C68D70057AA0E /* CategoryTagListViewController.xib in Resources */ = {isa = PBXBuildFile; fileRef = 19C820291D6C68D70057AA0E /* CategoryTagListViewController.xib */; };
		19C8202F1D6C7C2C0057AA0E /* TagCollectionViewCell.m in Sources */ = {isa = PBXBuildFile; fileRef = 19C8202D1D6C7C2C0057AA0E /* TagCollectionViewCell.m */; };
		19C820301D6C7C2C0057AA0E /* TagCollectionViewCell.xib in Resources */ = {isa = PBXBuildFile; fileRef = 19C8202E1D6C7C2C0057AA0E /* TagCollectionViewCell.xib */; };
		19D5CE801D66F4EA0007B05C /* StockFile+CoreDataProperties.m in Sources */ = {isa = PBXBuildFile; fileRef = 19D5CE7D1D66F4EA0007B05C /* StockFile+CoreDataProperties.m */; };
		19D5CE811D66F4EA0007B05C /* StockFile.m in Sources */ = {isa = PBXBuildFile; fileRef = 19D5CE7F1D66F4EA0007B05C /* StockFile.m */; };
		19D5CE861D671D6F0007B05C /* TagsSC+CoreDataProperties.m in Sources */ = {isa = PBXBuildFile; fileRef = 19D5CE831D671D6F0007B05C /* TagsSC+CoreDataProperties.m */; };
		19D5CE871D671D6F0007B05C /* TagsSC.m in Sources */ = {isa = PBXBuildFile; fileRef = 19D5CE851D671D6F0007B05C /* TagsSC.m */; };
		19E7A3871D3F5FB200F4BC26 /* CHCSVParser.m in Sources */ = {isa = PBXBuildFile; fileRef = 19E7A3861D3F5FB200F4BC26 /* CHCSVParser.m */; };
		19FF29021D5B38050037A123 /* EAColourfulProgressView.m in Sources */ = {isa = PBXBuildFile; fileRef = 19FF29011D5B38050037A123 /* EAColourfulProgressView.m */; };
		98A291974200A0BAD199C3A1 /* libPods-tagitICE.a in Frameworks */ = {isa = PBXBuildFile; fileRef = 6D2D377A3A8D0EE1323A03A5 /* libPods-tagitICE.a */; };
		B62A2B651D62E6B000FA0AF1 /* Stock_File.txt in Resources */ = {isa = PBXBuildFile; fileRef = B62A2B641D62E6B000FA0AF1 /* Stock_File.txt */; };
		B6EA1E111D5DB01C00A59547 /* NSObject+SBJson.m in Sources */ = {isa = PBXBuildFile; fileRef = B6EA1DF91D5DB01B00A59547 /* NSObject+SBJson.m */; };
		B6EA1E121D5DB01C00A59547 /* SBJsonParser.m in Sources */ = {isa = PBXBuildFile; fileRef = B6EA1DFC1D5DB01B00A59547 /* SBJsonParser.m */; };
		B6EA1E131D5DB01C00A59547 /* SBJsonStreamParser.m in Sources */ = {isa = PBXBuildFile; fileRef = B6EA1DFE1D5DB01B00A59547 /* SBJsonStreamParser.m */; };
		B6EA1E141D5DB01C00A59547 /* SBJsonStreamParserAccumulator.m in Sources */ = {isa = PBXBuildFile; fileRef = B6EA1E001D5DB01B00A59547 /* SBJsonStreamParserAccumulator.m */; };
		B6EA1E151D5DB01C00A59547 /* SBJsonStreamParserAdapter.m in Sources */ = {isa = PBXBuildFile; fileRef = B6EA1E021D5DB01B00A59547 /* SBJsonStreamParserAdapter.m */; };
		B6EA1E161D5DB01C00A59547 /* SBJsonStreamParserState.m in Sources */ = {isa = PBXBuildFile; fileRef = B6EA1E041D5DB01B00A59547 /* SBJsonStreamParserState.m */; };
		B6EA1E171D5DB01C00A59547 /* SBJsonStreamWriter.m in Sources */ = {isa = PBXBuildFile; fileRef = B6EA1E061D5DB01B00A59547 /* SBJsonStreamWriter.m */; };
		B6EA1E181D5DB01C00A59547 /* SBJsonStreamWriterAccumulator.m in Sources */ = {isa = PBXBuildFile; fileRef = B6EA1E081D5DB01B00A59547 /* SBJsonStreamWriterAccumulator.m */; };
		B6EA1E191D5DB01C00A59547 /* SBJsonStreamWriterState.m in Sources */ = {isa = PBXBuildFile; fileRef = B6EA1E0A1D5DB01B00A59547 /* SBJsonStreamWriterState.m */; };
		B6EA1E1A1D5DB01C00A59547 /* SBJsonTokeniser.m in Sources */ = {isa = PBXBuildFile; fileRef = B6EA1E0C1D5DB01B00A59547 /* SBJsonTokeniser.m */; };
		B6EA1E1B1D5DB01C00A59547 /* SBJsonUTF8Stream.m in Sources */ = {isa = PBXBuildFile; fileRef = B6EA1E0E1D5DB01B00A59547 /* SBJsonUTF8Stream.m */; };
		B6EA1E1C1D5DB01C00A59547 /* SBJsonWriter.m in Sources */ = {isa = PBXBuildFile; fileRef = B6EA1E101D5DB01C00A59547 /* SBJsonWriter.m */; };
		B6EA1E201D5DD6D600A59547 /* CustomIOSAlertView.m in Sources */ = {isa = PBXBuildFile; fileRef = B6EA1E1F1D5DD6D600A59547 /* CustomIOSAlertView.m */; };
		B6F8EC5C1D5F13B50090F57F /* MBCircularProgressBarLayer.m in Sources */ = {isa = PBXBuildFile; fileRef = B6F8EC591D5F13B50090F57F /* MBCircularProgressBarLayer.m */; };
		B6F8EC5D1D5F13B50090F57F /* MBCircularProgressBarView.m in Sources */ = {isa = PBXBuildFile; fileRef = B6F8EC5B1D5F13B50090F57F /* MBCircularProgressBarView.m */; };
/* End PBXBuildFile section */

/* Begin PBXFileReference section */
		190C92D71D2D15C3008C3404 /* LeftViewController.h */ = {isa = PBXFileReference; fileEncoding = 4; lastKnownFileType = sourcecode.c.h; path = LeftViewController.h; sourceTree = "<group>"; };
		190C92D81D2D15C3008C3404 /* LeftViewController.m */ = {isa = PBXFileReference; fileEncoding = 4; lastKnownFileType = sourcecode.c.objc; path = LeftViewController.m; sourceTree = "<group>"; };
		190C92D91D2D15C3008C3404 /* LeftViewController.xib */ = {isa = PBXFileReference; fileEncoding = 4; lastKnownFileType = file.xib; path = LeftViewController.xib; sourceTree = "<group>"; };
		190C92DA1D2D15C3008C3404 /* LeftMenuViewCell.h */ = {isa = PBXFileReference; fileEncoding = 4; lastKnownFileType = sourcecode.c.h; path = LeftMenuViewCell.h; sourceTree = "<group>"; };
		190C92DB1D2D15C3008C3404 /* LeftMenuViewCell.m */ = {isa = PBXFileReference; fileEncoding = 4; lastKnownFileType = sourcecode.c.objc; path = LeftMenuViewCell.m; sourceTree = "<group>"; };
		190C92DC1D2D15C3008C3404 /* LeftMenuViewCell.xib */ = {isa = PBXFileReference; fileEncoding = 4; lastKnownFileType = file.xib; path = LeftMenuViewCell.xib; sourceTree = "<group>"; };
		190C92E11D2D1A28008C3404 /* ConsignmentViewController.h */ = {isa = PBXFileReference; fileEncoding = 4; lastKnownFileType = sourcecode.c.h; path = ConsignmentViewController.h; sourceTree = "<group>"; };
		190C92E21D2D1A28008C3404 /* ConsignmentViewController.m */ = {isa = PBXFileReference; fileEncoding = 4; lastKnownFileType = sourcecode.c.objc; path = ConsignmentViewController.m; sourceTree = "<group>"; };
		190C92E31D2D1A28008C3404 /* ConsignmentViewController.xib */ = {isa = PBXFileReference; fileEncoding = 4; lastKnownFileType = file.xib; path = ConsignmentViewController.xib; sourceTree = "<group>"; };
		190C92E71D2D2359008C3404 /* PrefixHeader.pch */ = {isa = PBXFileReference; fileEncoding = 4; lastKnownFileType = sourcecode.c.h; path = PrefixHeader.pch; sourceTree = "<group>"; };
		1913FE121D719C820035825C /* CategoryWiseTagListViewController.h */ = {isa = PBXFileReference; fileEncoding = 4; lastKnownFileType = sourcecode.c.h; path = CategoryWiseTagListViewController.h; sourceTree = "<group>"; };
		1913FE131D719C820035825C /* CategoryWiseTagListViewController.m */ = {isa = PBXFileReference; fileEncoding = 4; lastKnownFileType = sourcecode.c.objc; path = CategoryWiseTagListViewController.m; sourceTree = "<group>"; };
		1913FE141D719C820035825C /* CategoryWiseTagListViewController.xib */ = {isa = PBXFileReference; fileEncoding = 4; lastKnownFileType = file.xib; path = CategoryWiseTagListViewController.xib; sourceTree = "<group>"; };
		19226CD71D37C33B00A25C3D /* circle.png */ = {isa = PBXFileReference; lastKnownFileType = image.png; path = circle.png; sourceTree = "<group>"; };
		1925453B1D1C0AC0003276B7 /* CoreBluetooth.framework */ = {isa = PBXFileReference; lastKnownFileType = wrapper.framework; name = CoreBluetooth.framework; path = System/Library/Frameworks/CoreBluetooth.framework; sourceTree = SDKROOT; };
		192D2E301D252FE3005CA7BD /* SplashScreen640-1136.png */ = {isa = PBXFileReference; lastKnownFileType = image.png; path = "SplashScreen640-1136.png"; sourceTree = "<group>"; };
		192EF9C51D756F0B00F7F9D8 /* QuotationHomeViewController.h */ = {isa = PBXFileReference; fileEncoding = 4; lastKnownFileType = sourcecode.c.h; path = QuotationHomeViewController.h; sourceTree = "<group>"; };
		192EF9C61D756F0B00F7F9D8 /* QuotationHomeViewController.m */ = {isa = PBXFileReference; fileEncoding = 4; lastKnownFileType = sourcecode.c.objc; path = QuotationHomeViewController.m; sourceTree = "<group>"; };
		192EF9C71D756F0B00F7F9D8 /* QuotationHomeViewController.xib */ = {isa = PBXFileReference; fileEncoding = 4; lastKnownFileType = file.xib; path = QuotationHomeViewController.xib; sourceTree = "<group>"; };
		19330DE91D5498EC004C981E /* AudioToolbox.framework */ = {isa = PBXFileReference; lastKnownFileType = wrapper.framework; name = AudioToolbox.framework; path = System/Library/Frameworks/AudioToolbox.framework; sourceTree = SDKROOT; };
		19330DEB1D549BFF004C981E /* beep-02.wav */ = {isa = PBXFileReference; lastKnownFileType = audio.wav; path = "beep-02.wav"; sourceTree = "<group>"; };
		19330DED1D549D88004C981E /* beep-08b.mp3 */ = {isa = PBXFileReference; lastKnownFileType = audio.mp3; path = "beep-08b.mp3"; sourceTree = "<group>"; };
		195215431D6B007800F78D37 /* bluetooth.png */ = {isa = PBXFileReference; lastKnownFileType = image.png; path = bluetooth.png; sourceTree = "<group>"; };
		195215441D6B007800F78D37 /* syncsrd.png */ = {isa = PBXFileReference; lastKnownFileType = image.png; path = syncsrd.png; sourceTree = "<group>"; };
		195215481D6B03AB00F78D37 /* CAPSPageMenu.h */ = {isa = PBXFileReference; fileEncoding = 4; lastKnownFileType = sourcecode.c.h; path = CAPSPageMenu.h; sourceTree = "<group>"; };
		195215491D6B03AB00F78D37 /* CAPSPageMenu.m */ = {isa = PBXFileReference; fileEncoding = 4; lastKnownFileType = sourcecode.c.objc; path = CAPSPageMenu.m; sourceTree = "<group>"; };
		195249051D4777F0005518DD /* SFHFKeychainUtils.h */ = {isa = PBXFileReference; fileEncoding = 4; lastKnownFileType = sourcecode.c.h; path = SFHFKeychainUtils.h; sourceTree = "<group>"; };
		195249061D4777F0005518DD /* SFHFKeychainUtils.m */ = {isa = PBXFileReference; fileEncoding = 4; lastKnownFileType = sourcecode.c.objc; path = SFHFKeychainUtils.m; sourceTree = "<group>"; };
		195BA3A61D2E26A2007D9FB6 /* menu_icon.png */ = {isa = PBXFileReference; lastKnownFileType = image.png; path = menu_icon.png; sourceTree = "<group>"; };
		195BA3AB1D2E400B007D9FB6 /* TagListViewController.h */ = {isa = PBXFileReference; fileEncoding = 4; lastKnownFileType = sourcecode.c.h; path = TagListViewController.h; sourceTree = "<group>"; };
		195BA3AC1D2E400B007D9FB6 /* TagListViewController.m */ = {isa = PBXFileReference; fileEncoding = 4; lastKnownFileType = sourcecode.c.objc; path = TagListViewController.m; sourceTree = "<group>"; };
		195BA3AD1D2E400B007D9FB6 /* TagListViewController.xib */ = {isa = PBXFileReference; fileEncoding = 4; lastKnownFileType = file.xib; path = TagListViewController.xib; sourceTree = "<group>"; };
		195BA3B01D2E40BB007D9FB6 /* TagViewCell.h */ = {isa = PBXFileReference; fileEncoding = 4; lastKnownFileType = sourcecode.c.h; path = TagViewCell.h; sourceTree = "<group>"; };
		195BA3B11D2E40BB007D9FB6 /* TagViewCell.m */ = {isa = PBXFileReference; fileEncoding = 4; lastKnownFileType = sourcecode.c.objc; path = TagViewCell.m; sourceTree = "<group>"; };
		195BA3B21D2E40BB007D9FB6 /* TagViewCell.xib */ = {isa = PBXFileReference; fileEncoding = 4; lastKnownFileType = file.xib; path = TagViewCell.xib; sourceTree = "<group>"; };
		19660D7F1D1194DB0062FA27 /* tagitICE.app */ = {isa = PBXFileReference; explicitFileType = wrapper.application; includeInIndex = 0; path = tagitICE.app; sourceTree = BUILT_PRODUCTS_DIR; };
		19660D831D1194DB0062FA27 /* main.m */ = {isa = PBXFileReference; lastKnownFileType = sourcecode.c.objc; path = main.m; sourceTree = "<group>"; };
		19660D851D1194DB0062FA27 /* AppDelegate.h */ = {isa = PBXFileReference; lastKnownFileType = sourcecode.c.h; path = AppDelegate.h; sourceTree = "<group>"; };
		19660D861D1194DB0062FA27 /* AppDelegate.m */ = {isa = PBXFileReference; lastKnownFileType = sourcecode.c.objc; path = AppDelegate.m; sourceTree = "<group>"; };
		19660D8F1D1194DB0062FA27 /* tagitICE.xcdatamodel */ = {isa = PBXFileReference; lastKnownFileType = wrapper.xcdatamodel; path = tagitICE.xcdatamodel; sourceTree = "<group>"; };
		19660D911D1194DB0062FA27 /* Assets.xcassets */ = {isa = PBXFileReference; lastKnownFileType = folder.assetcatalog; path = Assets.xcassets; sourceTree = "<group>"; };
		19660D941D1194DB0062FA27 /* Base */ = {isa = PBXFileReference; lastKnownFileType = file.storyboard; name = Base; path = Base.lproj/LaunchScreen.storyboard; sourceTree = "<group>"; };
		19660D961D1194DB0062FA27 /* Info.plist */ = {isa = PBXFileReference; lastKnownFileType = text.plist.xml; path = Info.plist; sourceTree = "<group>"; };
		1967B0821D2BEA6500AC8C41 /* AMSlideMenuContentSegue.h */ = {isa = PBXFileReference; fileEncoding = 4; lastKnownFileType = sourcecode.c.h; path = AMSlideMenuContentSegue.h; sourceTree = "<group>"; };
		1967B0831D2BEA6500AC8C41 /* AMSlideMenuContentSegue.m */ = {isa = PBXFileReference; fileEncoding = 4; lastKnownFileType = sourcecode.c.objc; path = AMSlideMenuContentSegue.m; sourceTree = "<group>"; };
		1967B0841D2BEA6500AC8C41 /* AMSlideMenuLeftMenuSegue.h */ = {isa = PBXFileReference; fileEncoding = 4; lastKnownFileType = sourcecode.c.h; path = AMSlideMenuLeftMenuSegue.h; sourceTree = "<group>"; };
		1967B0851D2BEA6500AC8C41 /* AMSlideMenuLeftMenuSegue.m */ = {isa = PBXFileReference; fileEncoding = 4; lastKnownFileType = sourcecode.c.objc; path = AMSlideMenuLeftMenuSegue.m; sourceTree = "<group>"; };
		1967B0861D2BEA6500AC8C41 /* AMSlideMenuLeftTableViewController.h */ = {isa = PBXFileReference; fileEncoding = 4; lastKnownFileType = sourcecode.c.h; path = AMSlideMenuLeftTableViewController.h; sourceTree = "<group>"; };
		1967B0871D2BEA6500AC8C41 /* AMSlideMenuLeftTableViewController.m */ = {isa = PBXFileReference; fileEncoding = 4; lastKnownFileType = sourcecode.c.objc; path = AMSlideMenuLeftTableViewController.m; sourceTree = "<group>"; };
		1967B0881D2BEA6500AC8C41 /* AMSlideMenuMainViewController.h */ = {isa = PBXFileReference; fileEncoding = 4; lastKnownFileType = sourcecode.c.h; path = AMSlideMenuMainViewController.h; sourceTree = "<group>"; };
		1967B0891D2BEA6500AC8C41 /* AMSlideMenuMainViewController.m */ = {isa = PBXFileReference; fileEncoding = 4; lastKnownFileType = sourcecode.c.objc; path = AMSlideMenuMainViewController.m; sourceTree = "<group>"; };
		1967B08A1D2BEA6500AC8C41 /* AMSlideMenuProtocols.h */ = {isa = PBXFileReference; fileEncoding = 4; lastKnownFileType = sourcecode.c.h; path = AMSlideMenuProtocols.h; sourceTree = "<group>"; };
		1967B08B1D2BEA6500AC8C41 /* AMSlideMenuRightMenuSegue.h */ = {isa = PBXFileReference; fileEncoding = 4; lastKnownFileType = sourcecode.c.h; path = AMSlideMenuRightMenuSegue.h; sourceTree = "<group>"; };
		1967B08C1D2BEA6500AC8C41 /* AMSlideMenuRightMenuSegue.m */ = {isa = PBXFileReference; fileEncoding = 4; lastKnownFileType = sourcecode.c.objc; path = AMSlideMenuRightMenuSegue.m; sourceTree = "<group>"; };
		1967B08D1D2BEA6500AC8C41 /* AMSlideMenuRightTableViewController.h */ = {isa = PBXFileReference; fileEncoding = 4; lastKnownFileType = sourcecode.c.h; path = AMSlideMenuRightTableViewController.h; sourceTree = "<group>"; };
		1967B08E1D2BEA6500AC8C41 /* AMSlideMenuRightTableViewController.m */ = {isa = PBXFileReference; fileEncoding = 4; lastKnownFileType = sourcecode.c.objc; path = AMSlideMenuRightTableViewController.m; sourceTree = "<group>"; };
		1967B08F1D2BEA6500AC8C41 /* UIViewController+AMSlideMenu.h */ = {isa = PBXFileReference; fileEncoding = 4; lastKnownFileType = sourcecode.c.h; path = "UIViewController+AMSlideMenu.h"; sourceTree = "<group>"; };
		1967B0901D2BEA6500AC8C41 /* UIViewController+AMSlideMenu.m */ = {isa = PBXFileReference; fileEncoding = 4; lastKnownFileType = sourcecode.c.objc; path = "UIViewController+AMSlideMenu.m"; sourceTree = "<group>"; };
		1967B0981D2BEAB900AC8C41 /* MainVC.h */ = {isa = PBXFileReference; fileEncoding = 4; lastKnownFileType = sourcecode.c.h; path = MainVC.h; sourceTree = "<group>"; };
		1967B0991D2BEAB900AC8C41 /* MainVC.m */ = {isa = PBXFileReference; fileEncoding = 4; lastKnownFileType = sourcecode.c.objc; path = MainVC.m; sourceTree = "<group>"; };
		197573231D1975B500A8B38A /* Constant.h */ = {isa = PBXFileReference; lastKnownFileType = sourcecode.c.h; path = Constant.h; sourceTree = "<group>"; };
		197573AC1D19785B00A8B38A /* AFAppAPIClient.h */ = {isa = PBXFileReference; fileEncoding = 4; lastKnownFileType = sourcecode.c.h; path = AFAppAPIClient.h; sourceTree = "<group>"; };
		197573AD1D19785B00A8B38A /* AFAppAPIClient.m */ = {isa = PBXFileReference; fileEncoding = 4; lastKnownFileType = sourcecode.c.objc; path = AFAppAPIClient.m; sourceTree = "<group>"; };
		197573AF1D19786800A8B38A /* AFHTTPRequestOperation.h */ = {isa = PBXFileReference; fileEncoding = 4; lastKnownFileType = sourcecode.c.h; path = AFHTTPRequestOperation.h; sourceTree = "<group>"; };
		197573B01D19786800A8B38A /* AFHTTPRequestOperation.m */ = {isa = PBXFileReference; fileEncoding = 4; lastKnownFileType = sourcecode.c.objc; path = AFHTTPRequestOperation.m; sourceTree = "<group>"; };
		197573B11D19786800A8B38A /* AFHTTPRequestOperationManager.h */ = {isa = PBXFileReference; fileEncoding = 4; lastKnownFileType = sourcecode.c.h; path = AFHTTPRequestOperationManager.h; sourceTree = "<group>"; };
		197573B21D19786800A8B38A /* AFHTTPRequestOperationManager.m */ = {isa = PBXFileReference; fileEncoding = 4; lastKnownFileType = sourcecode.c.objc; path = AFHTTPRequestOperationManager.m; sourceTree = "<group>"; };
		197573B31D19786800A8B38A /* AFHTTPSessionManager.h */ = {isa = PBXFileReference; fileEncoding = 4; lastKnownFileType = sourcecode.c.h; path = AFHTTPSessionManager.h; sourceTree = "<group>"; };
		197573B41D19786800A8B38A /* AFHTTPSessionManager.m */ = {isa = PBXFileReference; fileEncoding = 4; lastKnownFileType = sourcecode.c.objc; path = AFHTTPSessionManager.m; sourceTree = "<group>"; };
		197573B51D19786800A8B38A /* AFNetworking.h */ = {isa = PBXFileReference; fileEncoding = 4; lastKnownFileType = sourcecode.c.h; path = AFNetworking.h; sourceTree = "<group>"; };
		197573B61D19786800A8B38A /* AFNetworkReachabilityManager.h */ = {isa = PBXFileReference; fileEncoding = 4; lastKnownFileType = sourcecode.c.h; path = AFNetworkReachabilityManager.h; sourceTree = "<group>"; };
		197573B71D19786800A8B38A /* AFNetworkReachabilityManager.m */ = {isa = PBXFileReference; fileEncoding = 4; lastKnownFileType = sourcecode.c.objc; path = AFNetworkReachabilityManager.m; sourceTree = "<group>"; };
		197573B81D19786800A8B38A /* AFSecurityPolicy.h */ = {isa = PBXFileReference; fileEncoding = 4; lastKnownFileType = sourcecode.c.h; path = AFSecurityPolicy.h; sourceTree = "<group>"; };
		197573B91D19786800A8B38A /* AFSecurityPolicy.m */ = {isa = PBXFileReference; fileEncoding = 4; lastKnownFileType = sourcecode.c.objc; path = AFSecurityPolicy.m; sourceTree = "<group>"; };
		197573BA1D19786800A8B38A /* AFURLConnectionOperation.h */ = {isa = PBXFileReference; fileEncoding = 4; lastKnownFileType = sourcecode.c.h; path = AFURLConnectionOperation.h; sourceTree = "<group>"; };
		197573BB1D19786800A8B38A /* AFURLConnectionOperation.m */ = {isa = PBXFileReference; fileEncoding = 4; lastKnownFileType = sourcecode.c.objc; path = AFURLConnectionOperation.m; sourceTree = "<group>"; };
		197573BC1D19786800A8B38A /* AFURLRequestSerialization.h */ = {isa = PBXFileReference; fileEncoding = 4; lastKnownFileType = sourcecode.c.h; path = AFURLRequestSerialization.h; sourceTree = "<group>"; };
		197573BD1D19786800A8B38A /* AFURLRequestSerialization.m */ = {isa = PBXFileReference; fileEncoding = 4; lastKnownFileType = sourcecode.c.objc; path = AFURLRequestSerialization.m; sourceTree = "<group>"; };
		197573BE1D19786800A8B38A /* AFURLResponseSerialization.h */ = {isa = PBXFileReference; fileEncoding = 4; lastKnownFileType = sourcecode.c.h; path = AFURLResponseSerialization.h; sourceTree = "<group>"; };
		197573BF1D19786800A8B38A /* AFURLResponseSerialization.m */ = {isa = PBXFileReference; fileEncoding = 4; lastKnownFileType = sourcecode.c.objc; path = AFURLResponseSerialization.m; sourceTree = "<group>"; };
		197573C01D19786800A8B38A /* AFURLSessionManager.h */ = {isa = PBXFileReference; fileEncoding = 4; lastKnownFileType = sourcecode.c.h; path = AFURLSessionManager.h; sourceTree = "<group>"; };
		197573C11D19786800A8B38A /* AFURLSessionManager.m */ = {isa = PBXFileReference; fileEncoding = 4; lastKnownFileType = sourcecode.c.objc; path = AFURLSessionManager.m; sourceTree = "<group>"; };
		197573CB1D19787A00A8B38A /* AFNetworkActivityIndicatorManager.h */ = {isa = PBXFileReference; fileEncoding = 4; lastKnownFileType = sourcecode.c.h; path = AFNetworkActivityIndicatorManager.h; sourceTree = "<group>"; };
		197573CC1D19787A00A8B38A /* AFNetworkActivityIndicatorManager.m */ = {isa = PBXFileReference; fileEncoding = 4; lastKnownFileType = sourcecode.c.objc; path = AFNetworkActivityIndicatorManager.m; sourceTree = "<group>"; };
		197573CD1D19787A00A8B38A /* UIActivityIndicatorView+AFNetworking.h */ = {isa = PBXFileReference; fileEncoding = 4; lastKnownFileType = sourcecode.c.h; path = "UIActivityIndicatorView+AFNetworking.h"; sourceTree = "<group>"; };
		197573CE1D19787A00A8B38A /* UIActivityIndicatorView+AFNetworking.m */ = {isa = PBXFileReference; fileEncoding = 4; lastKnownFileType = sourcecode.c.objc; path = "UIActivityIndicatorView+AFNetworking.m"; sourceTree = "<group>"; };
		197573CF1D19787A00A8B38A /* UIAlertView+AFNetworking.h */ = {isa = PBXFileReference; fileEncoding = 4; lastKnownFileType = sourcecode.c.h; path = "UIAlertView+AFNetworking.h"; sourceTree = "<group>"; };
		197573D01D19787A00A8B38A /* UIAlertView+AFNetworking.m */ = {isa = PBXFileReference; fileEncoding = 4; lastKnownFileType = sourcecode.c.objc; path = "UIAlertView+AFNetworking.m"; sourceTree = "<group>"; };
		197573D11D19787A00A8B38A /* UIButton+AFNetworking.h */ = {isa = PBXFileReference; fileEncoding = 4; lastKnownFileType = sourcecode.c.h; path = "UIButton+AFNetworking.h"; sourceTree = "<group>"; };
		197573D21D19787A00A8B38A /* UIButton+AFNetworking.m */ = {isa = PBXFileReference; fileEncoding = 4; lastKnownFileType = sourcecode.c.objc; path = "UIButton+AFNetworking.m"; sourceTree = "<group>"; };
		197573D31D19787A00A8B38A /* UIImageView+AFNetworking.h */ = {isa = PBXFileReference; fileEncoding = 4; lastKnownFileType = sourcecode.c.h; path = "UIImageView+AFNetworking.h"; sourceTree = "<group>"; };
		197573D41D19787A00A8B38A /* UIImageView+AFNetworking.m */ = {isa = PBXFileReference; fileEncoding = 4; lastKnownFileType = sourcecode.c.objc; path = "UIImageView+AFNetworking.m"; sourceTree = "<group>"; };
		197573D51D19787A00A8B38A /* UIKit+AFNetworking.h */ = {isa = PBXFileReference; fileEncoding = 4; lastKnownFileType = sourcecode.c.h; path = "UIKit+AFNetworking.h"; sourceTree = "<group>"; };
		197573D61D19787A00A8B38A /* UIProgressView+AFNetworking.h */ = {isa = PBXFileReference; fileEncoding = 4; lastKnownFileType = sourcecode.c.h; path = "UIProgressView+AFNetworking.h"; sourceTree = "<group>"; };
		197573D71D19787A00A8B38A /* UIProgressView+AFNetworking.m */ = {isa = PBXFileReference; fileEncoding = 4; lastKnownFileType = sourcecode.c.objc; path = "UIProgressView+AFNetworking.m"; sourceTree = "<group>"; };
		197573D81D19787A00A8B38A /* UIRefreshControl+AFNetworking.h */ = {isa = PBXFileReference; fileEncoding = 4; lastKnownFileType = sourcecode.c.h; path = "UIRefreshControl+AFNetworking.h"; sourceTree = "<group>"; };
		197573D91D19787A00A8B38A /* UIRefreshControl+AFNetworking.m */ = {isa = PBXFileReference; fileEncoding = 4; lastKnownFileType = sourcecode.c.objc; path = "UIRefreshControl+AFNetworking.m"; sourceTree = "<group>"; };
		197573DA1D19787A00A8B38A /* UIWebView+AFNetworking.h */ = {isa = PBXFileReference; fileEncoding = 4; lastKnownFileType = sourcecode.c.h; path = "UIWebView+AFNetworking.h"; sourceTree = "<group>"; };
		197573DB1D19787A00A8B38A /* UIWebView+AFNetworking.m */ = {isa = PBXFileReference; fileEncoding = 4; lastKnownFileType = sourcecode.c.objc; path = "UIWebView+AFNetworking.m"; sourceTree = "<group>"; };
		197573E41D1978AB00A8B38A /* utilees.h */ = {isa = PBXFileReference; fileEncoding = 4; lastKnownFileType = sourcecode.c.h; path = utilees.h; sourceTree = "<group>"; };
		197573E51D1978AB00A8B38A /* utilees.m */ = {isa = PBXFileReference; fileEncoding = 4; lastKnownFileType = sourcecode.c.objc; path = utilees.m; sourceTree = "<group>"; };
		197675961D51C3B50029E98E /* CommoninventoryCommand.h */ = {isa = PBXFileReference; fileEncoding = 4; lastKnownFileType = sourcecode.c.h; path = CommoninventoryCommand.h; sourceTree = "<group>"; };
		197675971D51C3B50029E98E /* CommoninventoryCommand.m */ = {isa = PBXFileReference; fileEncoding = 4; lastKnownFileType = sourcecode.c.objc; path = CommoninventoryCommand.m; sourceTree = "<group>"; };
		197675991D51DD160029E98E /* SearchTagViewCell.h */ = {isa = PBXFileReference; fileEncoding = 4; lastKnownFileType = sourcecode.c.h; path = SearchTagViewCell.h; sourceTree = "<group>"; };
		1976759A1D51DD160029E98E /* SearchTagViewCell.m */ = {isa = PBXFileReference; fileEncoding = 4; lastKnownFileType = sourcecode.c.objc; path = SearchTagViewCell.m; sourceTree = "<group>"; };
		1976759B1D51DD160029E98E /* SearchTagViewCell.xib */ = {isa = PBXFileReference; fileEncoding = 4; lastKnownFileType = file.xib; path = SearchTagViewCell.xib; sourceTree = "<group>"; };
		1977877A1D17DA2000712042 /* RegisterViewController.h */ = {isa = PBXFileReference; fileEncoding = 4; lastKnownFileType = sourcecode.c.h; path = RegisterViewController.h; sourceTree = "<group>"; };
		1977877B1D17DA2000712042 /* RegisterViewController.m */ = {isa = PBXFileReference; fileEncoding = 4; lastKnownFileType = sourcecode.c.objc; path = RegisterViewController.m; sourceTree = "<group>"; tabWidth = 5; };
		1977877C1D17DA2000712042 /* RegisterViewController.xib */ = {isa = PBXFileReference; fileEncoding = 4; lastKnownFileType = file.xib; path = RegisterViewController.xib; sourceTree = "<group>"; };
		1977877F1D17F04800712042 /* ForgotPassViewController.h */ = {isa = PBXFileReference; fileEncoding = 4; lastKnownFileType = sourcecode.c.h; path = ForgotPassViewController.h; sourceTree = "<group>"; };
		197787801D17F04800712042 /* ForgotPassViewController.m */ = {isa = PBXFileReference; fileEncoding = 4; lastKnownFileType = sourcecode.c.objc; path = ForgotPassViewController.m; sourceTree = "<group>"; };
		197787811D17F04800712042 /* ForgotPassViewController.xib */ = {isa = PBXFileReference; fileEncoding = 4; lastKnownFileType = file.xib; path = ForgotPassViewController.xib; sourceTree = "<group>"; };
		197787841D17F76900712042 /* BluetoothScanViewController.h */ = {isa = PBXFileReference; fileEncoding = 4; lastKnownFileType = sourcecode.c.h; path = BluetoothScanViewController.h; sourceTree = "<group>"; };
		197787851D17F76900712042 /* BluetoothScanViewController.m */ = {isa = PBXFileReference; fileEncoding = 4; lastKnownFileType = sourcecode.c.objc; path = BluetoothScanViewController.m; sourceTree = "<group>"; };
		197787861D17F76900712042 /* BluetoothScanViewController.xib */ = {isa = PBXFileReference; fileEncoding = 4; lastKnownFileType = file.xib; path = BluetoothScanViewController.xib; sourceTree = "<group>"; };
		197787891D17F99B00712042 /* ScanViewCell.h */ = {isa = PBXFileReference; fileEncoding = 4; lastKnownFileType = sourcecode.c.h; path = ScanViewCell.h; sourceTree = "<group>"; };
		1977878A1D17F99B00712042 /* ScanViewCell.m */ = {isa = PBXFileReference; fileEncoding = 4; lastKnownFileType = sourcecode.c.objc; path = ScanViewCell.m; sourceTree = "<group>"; };
		1977878B1D17F99B00712042 /* ScanViewCell.xib */ = {isa = PBXFileReference; fileEncoding = 4; lastKnownFileType = file.xib; path = ScanViewCell.xib; sourceTree = "<group>"; };
		1982A7891D49E20B004DC572 /* SearchViewController.h */ = {isa = PBXFileReference; fileEncoding = 4; lastKnownFileType = sourcecode.c.h; path = SearchViewController.h; sourceTree = "<group>"; };
		1982A78A1D49E20B004DC572 /* SearchViewController.m */ = {isa = PBXFileReference; fileEncoding = 4; lastKnownFileType = sourcecode.c.objc; path = SearchViewController.m; sourceTree = "<group>"; };
		1982A78B1D49E20B004DC572 /* SearchViewController.xib */ = {isa = PBXFileReference; fileEncoding = 4; lastKnownFileType = file.xib; path = SearchViewController.xib; sourceTree = "<group>"; };
		1990FE1B1D3E5A6F0010955D /* MessageUI.framework */ = {isa = PBXFileReference; lastKnownFileType = wrapper.framework; name = MessageUI.framework; path = System/Library/Frameworks/MessageUI.framework; sourceTree = SDKROOT; };
		199751391D2FB104002C26F8 /* StockCheckViewController.h */ = {isa = PBXFileReference; fileEncoding = 4; lastKnownFileType = sourcecode.c.h; path = StockCheckViewController.h; sourceTree = "<group>"; };
		1997513A1D2FB104002C26F8 /* StockCheckViewController.m */ = {isa = PBXFileReference; fileEncoding = 4; lastKnownFileType = sourcecode.c.objc; path = StockCheckViewController.m; sourceTree = "<group>"; };
		1997513B1D2FB104002C26F8 /* StockCheckViewController.xib */ = {isa = PBXFileReference; fileEncoding = 4; lastKnownFileType = file.xib; path = StockCheckViewController.xib; sourceTree = "<group>"; };
		199AD4D11D4B6315007A284C /* SelectReaderInfo.h */ = {isa = PBXFileReference; fileEncoding = 4; lastKnownFileType = sourcecode.c.h; path = SelectReaderInfo.h; sourceTree = "<group>"; };
		199AD4D21D4B6315007A284C /* SelectReaderInfo.m */ = {isa = PBXFileReference; fileEncoding = 4; lastKnownFileType = sourcecode.c.objc; path = SelectReaderInfo.m; sourceTree = "<group>"; };
		19AC8F2D1D707F84009512EA /* GoogleDriveFileListController.h */ = {isa = PBXFileReference; fileEncoding = 4; lastKnownFileType = sourcecode.c.h; path = GoogleDriveFileListController.h; sourceTree = "<group>"; };
		19AC8F2E1D707F84009512EA /* GoogleDriveFileListController.m */ = {isa = PBXFileReference; fileEncoding = 4; lastKnownFileType = sourcecode.c.objc; path = GoogleDriveFileListController.m; sourceTree = "<group>"; };
		19AC8F2F1D707F84009512EA /* GoogleDriveFileListController.xib */ = {isa = PBXFileReference; fileEncoding = 4; lastKnownFileType = file.xib; path = GoogleDriveFileListController.xib; sourceTree = "<group>"; };
		19B19C851D534ECD000DC8A7 /* ACFloatingTextField.h */ = {isa = PBXFileReference; fileEncoding = 4; lastKnownFileType = sourcecode.c.h; path = ACFloatingTextField.h; sourceTree = "<group>"; };
		19B19C861D534ECD000DC8A7 /* ACFloatingTextField.m */ = {isa = PBXFileReference; fileEncoding = 4; lastKnownFileType = sourcecode.c.objc; path = ACFloatingTextField.m; sourceTree = "<group>"; };
		19B3D0D81D6F1FAD0095576C /* LoadStockViewController.h */ = {isa = PBXFileReference; fileEncoding = 4; lastKnownFileType = sourcecode.c.h; path = LoadStockViewController.h; sourceTree = "<group>"; };
		19B3D0D91D6F1FAD0095576C /* LoadStockViewController.m */ = {isa = PBXFileReference; fileEncoding = 4; lastKnownFileType = sourcecode.c.objc; path = LoadStockViewController.m; sourceTree = "<group>"; };
		19B3D0DA1D6F1FAD0095576C /* LoadStockViewController.xib */ = {isa = PBXFileReference; fileEncoding = 4; lastKnownFileType = file.xib; path = LoadStockViewController.xib; sourceTree = "<group>"; };
		19B50D201D2AA1E5004C2C9B /* back.png */ = {isa = PBXFileReference; lastKnownFileType = image.png; path = back.png; sourceTree = "<group>"; };
		19BC2E341D1D7A1300B6EC9D /* Images.xcassets */ = {isa = PBXFileReference; lastKnownFileType = folder.assetcatalog; path = Images.xcassets; sourceTree = "<group>"; };
		19BFAE381D3CE50000F3D101 /* Tags+CoreDataProperties.h */ = {isa = PBXFileReference; fileEncoding = 4; lastKnownFileType = sourcecode.c.h; path = "Tags+CoreDataProperties.h"; sourceTree = "<group>"; };
		19BFAE391D3CE50000F3D101 /* Tags+CoreDataProperties.m */ = {isa = PBXFileReference; fileEncoding = 4; lastKnownFileType = sourcecode.c.objc; path = "Tags+CoreDataProperties.m"; sourceTree = "<group>"; };
		19BFAE3A1D3CE50000F3D101 /* Tags.h */ = {isa = PBXFileReference; fileEncoding = 4; lastKnownFileType = sourcecode.c.h; path = Tags.h; sourceTree = "<group>"; };
		19BFAE3B1D3CE50000F3D101 /* Tags.m */ = {isa = PBXFileReference; fileEncoding = 4; lastKnownFileType = sourcecode.c.objc; path = Tags.m; sourceTree = "<group>"; };
		19C21ED21D17D03A006DFCBA /* LoginViewController.h */ = {isa = PBXFileReference; fileEncoding = 4; lastKnownFileType = sourcecode.c.h; path = LoginViewController.h; sourceTree = "<group>"; };
		19C21ED31D17D03A006DFCBA /* LoginViewController.m */ = {isa = PBXFileReference; fileEncoding = 4; lastKnownFileType = sourcecode.c.objc; path = LoginViewController.m; sourceTree = "<group>"; };
		19C21ED41D17D03A006DFCBA /* LoginViewController.xib */ = {isa = PBXFileReference; fileEncoding = 4; lastKnownFileType = file.xib; path = LoginViewController.xib; sourceTree = "<group>"; };
		19C360281D34CEE600A4D647 /* ExternalAccessory.framework */ = {isa = PBXFileReference; lastKnownFileType = wrapper.framework; name = ExternalAccessory.framework; path = System/Library/Frameworks/ExternalAccessory.framework; sourceTree = SDKROOT; };
		19C3602A1D34CF3E00A4D647 /* TSLAsciiCommands.framework */ = {isa = PBXFileReference; lastKnownFileType = wrapper.framework; path = TSLAsciiCommands.framework; sourceTree = "<group>"; };
		19C820181D6C3CCF0057AA0E /* TagViewController.h */ = {isa = PBXFileReference; fileEncoding = 4; lastKnownFileType = sourcecode.c.h; path = TagViewController.h; sourceTree = "<group>"; };
		19C820191D6C3CCF0057AA0E /* TagViewController.m */ = {isa = PBXFileReference; fileEncoding = 4; lastKnownFileType = sourcecode.c.objc; path = TagViewController.m; sourceTree = "<group>"; };
		19C8201A1D6C3CCF0057AA0E /* TagViewController.xib */ = {isa = PBXFileReference; fileEncoding = 4; lastKnownFileType = file.xib; path = TagViewController.xib; sourceTree = "<group>"; };
		19C820221D6C68C00057AA0E /* AllTagListViewController.h */ = {isa = PBXFileReference; fileEncoding = 4; lastKnownFileType = sourcecode.c.h; path = AllTagListViewController.h; sourceTree = "<group>"; };
		19C820231D6C68C00057AA0E /* AllTagListViewController.m */ = {isa = PBXFileReference; fileEncoding = 4; lastKnownFileType = sourcecode.c.objc; path = AllTagListViewController.m; sourceTree = "<group>"; };
		19C820241D6C68C00057AA0E /* AllTagListViewController.xib */ = {isa = PBXFileReference; fileEncoding = 4; lastKnownFileType = file.xib; path = AllTagListViewController.xib; sourceTree = "<group>"; };
		19C820271D6C68D70057AA0E /* CategoryTagListViewController.h */ = {isa = PBXFileReference; fileEncoding = 4; lastKnownFileType = sourcecode.c.h; path = CategoryTagListViewController.h; sourceTree = "<group>"; };
		19C820281D6C68D70057AA0E /* CategoryTagListViewController.m */ = {isa = PBXFileReference; fileEncoding = 4; lastKnownFileType = sourcecode.c.objc; path = CategoryTagListViewController.m; sourceTree = "<group>"; };
		19C820291D6C68D70057AA0E /* CategoryTagListViewController.xib */ = {isa = PBXFileReference; fileEncoding = 4; lastKnownFileType = file.xib; path = CategoryTagListViewController.xib; sourceTree = "<group>"; };
		19C8202C1D6C7C2C0057AA0E /* TagCollectionViewCell.h */ = {isa = PBXFileReference; fileEncoding = 4; lastKnownFileType = sourcecode.c.h; path = TagCollectionViewCell.h; sourceTree = "<group>"; };
		19C8202D1D6C7C2C0057AA0E /* TagCollectionViewCell.m */ = {isa = PBXFileReference; fileEncoding = 4; lastKnownFileType = sourcecode.c.objc; path = TagCollectionViewCell.m; sourceTree = "<group>"; };
		19C8202E1D6C7C2C0057AA0E /* TagCollectionViewCell.xib */ = {isa = PBXFileReference; fileEncoding = 4; lastKnownFileType = file.xib; path = TagCollectionViewCell.xib; sourceTree = "<group>"; };
		19D5CE7C1D66F4EA0007B05C /* StockFile+CoreDataProperties.h */ = {isa = PBXFileReference; fileEncoding = 4; lastKnownFileType = sourcecode.c.h; path = "StockFile+CoreDataProperties.h"; sourceTree = "<group>"; };
		19D5CE7D1D66F4EA0007B05C /* StockFile+CoreDataProperties.m */ = {isa = PBXFileReference; fileEncoding = 4; lastKnownFileType = sourcecode.c.objc; path = "StockFile+CoreDataProperties.m"; sourceTree = "<group>"; };
		19D5CE7E1D66F4EA0007B05C /* StockFile.h */ = {isa = PBXFileReference; fileEncoding = 4; lastKnownFileType = sourcecode.c.h; path = StockFile.h; sourceTree = "<group>"; };
		19D5CE7F1D66F4EA0007B05C /* StockFile.m */ = {isa = PBXFileReference; fileEncoding = 4; lastKnownFileType = sourcecode.c.objc; path = StockFile.m; sourceTree = "<group>"; };
		19D5CE821D671D6F0007B05C /* TagsSC+CoreDataProperties.h */ = {isa = PBXFileReference; fileEncoding = 4; lastKnownFileType = sourcecode.c.h; path = "TagsSC+CoreDataProperties.h"; sourceTree = "<group>"; };
		19D5CE831D671D6F0007B05C /* TagsSC+CoreDataProperties.m */ = {isa = PBXFileReference; fileEncoding = 4; lastKnownFileType = sourcecode.c.objc; path = "TagsSC+CoreDataProperties.m"; sourceTree = "<group>"; };
		19D5CE841D671D6F0007B05C /* TagsSC.h */ = {isa = PBXFileReference; fileEncoding = 4; lastKnownFileType = sourcecode.c.h; path = TagsSC.h; sourceTree = "<group>"; };
		19D5CE851D671D6F0007B05C /* TagsSC.m */ = {isa = PBXFileReference; fileEncoding = 4; lastKnownFileType = sourcecode.c.objc; path = TagsSC.m; sourceTree = "<group>"; };
		19E7A3851D3F5FB200F4BC26 /* CHCSVParser.h */ = {isa = PBXFileReference; fileEncoding = 4; lastKnownFileType = sourcecode.c.h; path = CHCSVParser.h; sourceTree = "<group>"; };
		19E7A3861D3F5FB200F4BC26 /* CHCSVParser.m */ = {isa = PBXFileReference; fileEncoding = 4; lastKnownFileType = sourcecode.c.objc; path = CHCSVParser.m; sourceTree = "<group>"; };
		19EEDA1B1D3667EC00124866 /* TSLSelectReaderProtocol.h */ = {isa = PBXFileReference; lastKnownFileType = sourcecode.c.h; path = TSLSelectReaderProtocol.h; sourceTree = "<group>"; };
		19FF29001D5B38050037A123 /* EAColourfulProgressView.h */ = {isa = PBXFileReference; fileEncoding = 4; lastKnownFileType = sourcecode.c.h; path = EAColourfulProgressView.h; sourceTree = "<group>"; };
		19FF29011D5B38050037A123 /* EAColourfulProgressView.m */ = {isa = PBXFileReference; fileEncoding = 4; lastKnownFileType = sourcecode.c.objc; path = EAColourfulProgressView.m; sourceTree = "<group>"; };
		27CBF6BE9AA404F8D7B48492 /* Pods-tagitICE.debug.xcconfig */ = {isa = PBXFileReference; includeInIndex = 1; lastKnownFileType = text.xcconfig; name = "Pods-tagitICE.debug.xcconfig"; path = "Pods/Target Support Files/Pods-tagitICE/Pods-tagitICE.debug.xcconfig"; sourceTree = "<group>"; };
		48E533485EBC0A422DB7C3D4 /* Pods-tagitICE.release.xcconfig */ = {isa = PBXFileReference; includeInIndex = 1; lastKnownFileType = text.xcconfig; name = "Pods-tagitICE.release.xcconfig"; path = "Pods/Target Support Files/Pods-tagitICE/Pods-tagitICE.release.xcconfig"; sourceTree = "<group>"; };
		6D2D377A3A8D0EE1323A03A5 /* libPods-tagitICE.a */ = {isa = PBXFileReference; explicitFileType = archive.ar; includeInIndex = 0; path = "libPods-tagitICE.a"; sourceTree = BUILT_PRODUCTS_DIR; };
		B62A2B641D62E6B000FA0AF1 /* Stock_File.txt */ = {isa = PBXFileReference; fileEncoding = 4; lastKnownFileType = text; path = Stock_File.txt; sourceTree = "<group>"; };
		B6EA1DF81D5DB01B00A59547 /* NSObject+SBJson.h */ = {isa = PBXFileReference; fileEncoding = 4; lastKnownFileType = sourcecode.c.h; name = "NSObject+SBJson.h"; path = "Third Party/SBJSON/NSObject+SBJson.h"; sourceTree = SOURCE_ROOT; };
		B6EA1DF91D5DB01B00A59547 /* NSObject+SBJson.m */ = {isa = PBXFileReference; fileEncoding = 4; lastKnownFileType = sourcecode.c.objc; name = "NSObject+SBJson.m"; path = "Third Party/SBJSON/NSObject+SBJson.m"; sourceTree = SOURCE_ROOT; };
		B6EA1DFA1D5DB01B00A59547 /* SBJson.h */ = {isa = PBXFileReference; fileEncoding = 4; lastKnownFileType = sourcecode.c.h; name = SBJson.h; path = "Third Party/SBJSON/SBJson.h"; sourceTree = SOURCE_ROOT; };
		B6EA1DFB1D5DB01B00A59547 /* SBJsonParser.h */ = {isa = PBXFileReference; fileEncoding = 4; lastKnownFileType = sourcecode.c.h; name = SBJsonParser.h; path = "Third Party/SBJSON/SBJsonParser.h"; sourceTree = SOURCE_ROOT; };
		B6EA1DFC1D5DB01B00A59547 /* SBJsonParser.m */ = {isa = PBXFileReference; fileEncoding = 4; lastKnownFileType = sourcecode.c.objc; name = SBJsonParser.m; path = "Third Party/SBJSON/SBJsonParser.m"; sourceTree = SOURCE_ROOT; };
		B6EA1DFD1D5DB01B00A59547 /* SBJsonStreamParser.h */ = {isa = PBXFileReference; fileEncoding = 4; lastKnownFileType = sourcecode.c.h; name = SBJsonStreamParser.h; path = "Third Party/SBJSON/SBJsonStreamParser.h"; sourceTree = SOURCE_ROOT; };
		B6EA1DFE1D5DB01B00A59547 /* SBJsonStreamParser.m */ = {isa = PBXFileReference; fileEncoding = 4; lastKnownFileType = sourcecode.c.objc; name = SBJsonStreamParser.m; path = "Third Party/SBJSON/SBJsonStreamParser.m"; sourceTree = SOURCE_ROOT; };
		B6EA1DFF1D5DB01B00A59547 /* SBJsonStreamParserAccumulator.h */ = {isa = PBXFileReference; fileEncoding = 4; lastKnownFileType = sourcecode.c.h; name = SBJsonStreamParserAccumulator.h; path = "Third Party/SBJSON/SBJsonStreamParserAccumulator.h"; sourceTree = SOURCE_ROOT; };
		B6EA1E001D5DB01B00A59547 /* SBJsonStreamParserAccumulator.m */ = {isa = PBXFileReference; fileEncoding = 4; lastKnownFileType = sourcecode.c.objc; name = SBJsonStreamParserAccumulator.m; path = "Third Party/SBJSON/SBJsonStreamParserAccumulator.m"; sourceTree = SOURCE_ROOT; };
		B6EA1E011D5DB01B00A59547 /* SBJsonStreamParserAdapter.h */ = {isa = PBXFileReference; fileEncoding = 4; lastKnownFileType = sourcecode.c.h; name = SBJsonStreamParserAdapter.h; path = "Third Party/SBJSON/SBJsonStreamParserAdapter.h"; sourceTree = SOURCE_ROOT; };
		B6EA1E021D5DB01B00A59547 /* SBJsonStreamParserAdapter.m */ = {isa = PBXFileReference; fileEncoding = 4; lastKnownFileType = sourcecode.c.objc; name = SBJsonStreamParserAdapter.m; path = "Third Party/SBJSON/SBJsonStreamParserAdapter.m"; sourceTree = SOURCE_ROOT; };
		B6EA1E031D5DB01B00A59547 /* SBJsonStreamParserState.h */ = {isa = PBXFileReference; fileEncoding = 4; lastKnownFileType = sourcecode.c.h; name = SBJsonStreamParserState.h; path = "Third Party/SBJSON/SBJsonStreamParserState.h"; sourceTree = SOURCE_ROOT; };
		B6EA1E041D5DB01B00A59547 /* SBJsonStreamParserState.m */ = {isa = PBXFileReference; fileEncoding = 4; lastKnownFileType = sourcecode.c.objc; name = SBJsonStreamParserState.m; path = "Third Party/SBJSON/SBJsonStreamParserState.m"; sourceTree = SOURCE_ROOT; };
		B6EA1E051D5DB01B00A59547 /* SBJsonStreamWriter.h */ = {isa = PBXFileReference; fileEncoding = 4; lastKnownFileType = sourcecode.c.h; name = SBJsonStreamWriter.h; path = "Third Party/SBJSON/SBJsonStreamWriter.h"; sourceTree = SOURCE_ROOT; };
		B6EA1E061D5DB01B00A59547 /* SBJsonStreamWriter.m */ = {isa = PBXFileReference; fileEncoding = 4; lastKnownFileType = sourcecode.c.objc; name = SBJsonStreamWriter.m; path = "Third Party/SBJSON/SBJsonStreamWriter.m"; sourceTree = SOURCE_ROOT; };
		B6EA1E071D5DB01B00A59547 /* SBJsonStreamWriterAccumulator.h */ = {isa = PBXFileReference; fileEncoding = 4; lastKnownFileType = sourcecode.c.h; name = SBJsonStreamWriterAccumulator.h; path = "Third Party/SBJSON/SBJsonStreamWriterAccumulator.h"; sourceTree = SOURCE_ROOT; };
		B6EA1E081D5DB01B00A59547 /* SBJsonStreamWriterAccumulator.m */ = {isa = PBXFileReference; fileEncoding = 4; lastKnownFileType = sourcecode.c.objc; name = SBJsonStreamWriterAccumulator.m; path = "Third Party/SBJSON/SBJsonStreamWriterAccumulator.m"; sourceTree = SOURCE_ROOT; };
		B6EA1E091D5DB01B00A59547 /* SBJsonStreamWriterState.h */ = {isa = PBXFileReference; fileEncoding = 4; lastKnownFileType = sourcecode.c.h; name = SBJsonStreamWriterState.h; path = "Third Party/SBJSON/SBJsonStreamWriterState.h"; sourceTree = SOURCE_ROOT; };
		B6EA1E0A1D5DB01B00A59547 /* SBJsonStreamWriterState.m */ = {isa = PBXFileReference; fileEncoding = 4; lastKnownFileType = sourcecode.c.objc; name = SBJsonStreamWriterState.m; path = "Third Party/SBJSON/SBJsonStreamWriterState.m"; sourceTree = SOURCE_ROOT; };
		B6EA1E0B1D5DB01B00A59547 /* SBJsonTokeniser.h */ = {isa = PBXFileReference; fileEncoding = 4; lastKnownFileType = sourcecode.c.h; name = SBJsonTokeniser.h; path = "Third Party/SBJSON/SBJsonTokeniser.h"; sourceTree = SOURCE_ROOT; };
		B6EA1E0C1D5DB01B00A59547 /* SBJsonTokeniser.m */ = {isa = PBXFileReference; fileEncoding = 4; lastKnownFileType = sourcecode.c.objc; name = SBJsonTokeniser.m; path = "Third Party/SBJSON/SBJsonTokeniser.m"; sourceTree = SOURCE_ROOT; };
		B6EA1E0D1D5DB01B00A59547 /* SBJsonUTF8Stream.h */ = {isa = PBXFileReference; fileEncoding = 4; lastKnownFileType = sourcecode.c.h; name = SBJsonUTF8Stream.h; path = "Third Party/SBJSON/SBJsonUTF8Stream.h"; sourceTree = SOURCE_ROOT; };
		B6EA1E0E1D5DB01B00A59547 /* SBJsonUTF8Stream.m */ = {isa = PBXFileReference; fileEncoding = 4; lastKnownFileType = sourcecode.c.objc; name = SBJsonUTF8Stream.m; path = "Third Party/SBJSON/SBJsonUTF8Stream.m"; sourceTree = SOURCE_ROOT; };
		B6EA1E0F1D5DB01C00A59547 /* SBJsonWriter.h */ = {isa = PBXFileReference; fileEncoding = 4; lastKnownFileType = sourcecode.c.h; name = SBJsonWriter.h; path = "Third Party/SBJSON/SBJsonWriter.h"; sourceTree = SOURCE_ROOT; };
		B6EA1E101D5DB01C00A59547 /* SBJsonWriter.m */ = {isa = PBXFileReference; fileEncoding = 4; lastKnownFileType = sourcecode.c.objc; name = SBJsonWriter.m; path = "Third Party/SBJSON/SBJsonWriter.m"; sourceTree = SOURCE_ROOT; };
		B6EA1E1E1D5DD6D600A59547 /* CustomIOSAlertView.h */ = {isa = PBXFileReference; fileEncoding = 4; lastKnownFileType = sourcecode.c.h; path = CustomIOSAlertView.h; sourceTree = "<group>"; };
		B6EA1E1F1D5DD6D600A59547 /* CustomIOSAlertView.m */ = {isa = PBXFileReference; fileEncoding = 4; lastKnownFileType = sourcecode.c.objc; path = CustomIOSAlertView.m; sourceTree = "<group>"; };
		B6F8EC581D5F13B50090F57F /* MBCircularProgressBarLayer.h */ = {isa = PBXFileReference; fileEncoding = 4; lastKnownFileType = sourcecode.c.h; path = MBCircularProgressBarLayer.h; sourceTree = "<group>"; };
		B6F8EC591D5F13B50090F57F /* MBCircularProgressBarLayer.m */ = {isa = PBXFileReference; fileEncoding = 4; lastKnownFileType = sourcecode.c.objc; path = MBCircularProgressBarLayer.m; sourceTree = "<group>"; };
		B6F8EC5A1D5F13B50090F57F /* MBCircularProgressBarView.h */ = {isa = PBXFileReference; fileEncoding = 4; lastKnownFileType = sourcecode.c.h; path = MBCircularProgressBarView.h; sourceTree = "<group>"; };
		B6F8EC5B1D5F13B50090F57F /* MBCircularProgressBarView.m */ = {isa = PBXFileReference; fileEncoding = 4; lastKnownFileType = sourcecode.c.objc; path = MBCircularProgressBarView.m; sourceTree = "<group>"; };
/* End PBXFileReference section */

/* Begin PBXFrameworksBuildPhase section */
		19660D7C1D1194DB0062FA27 /* Frameworks */ = {
			isa = PBXFrameworksBuildPhase;
			buildActionMask = 2147483647;
			files = (
				19330DEA1D5498EC004C981E /* AudioToolbox.framework in Frameworks */,
				1990FE1C1D3E5A6F0010955D /* MessageUI.framework in Frameworks */,
				19C3602B1D34CF3E00A4D647 /* TSLAsciiCommands.framework in Frameworks */,
				19C360291D34CEE600A4D647 /* ExternalAccessory.framework in Frameworks */,
				1925453C1D1C0AC0003276B7 /* CoreBluetooth.framework in Frameworks */,
				98A291974200A0BAD199C3A1 /* libPods-tagitICE.a in Frameworks */,
			);
			runOnlyForDeploymentPostprocessing = 0;
		};
/* End PBXFrameworksBuildPhase section */

/* Begin PBXGroup section */
		190AFB1B1D1964DA00BC107D /* JSON */ = {
			isa = PBXGroup;
			children = (
				B6EA1DF81D5DB01B00A59547 /* NSObject+SBJson.h */,
				B6EA1DF91D5DB01B00A59547 /* NSObject+SBJson.m */,
				B6EA1DFA1D5DB01B00A59547 /* SBJson.h */,
				B6EA1DFB1D5DB01B00A59547 /* SBJsonParser.h */,
				B6EA1DFC1D5DB01B00A59547 /* SBJsonParser.m */,
				B6EA1DFD1D5DB01B00A59547 /* SBJsonStreamParser.h */,
				B6EA1DFE1D5DB01B00A59547 /* SBJsonStreamParser.m */,
				B6EA1DFF1D5DB01B00A59547 /* SBJsonStreamParserAccumulator.h */,
				B6EA1E001D5DB01B00A59547 /* SBJsonStreamParserAccumulator.m */,
				B6EA1E011D5DB01B00A59547 /* SBJsonStreamParserAdapter.h */,
				B6EA1E021D5DB01B00A59547 /* SBJsonStreamParserAdapter.m */,
				B6EA1E031D5DB01B00A59547 /* SBJsonStreamParserState.h */,
				B6EA1E041D5DB01B00A59547 /* SBJsonStreamParserState.m */,
				B6EA1E051D5DB01B00A59547 /* SBJsonStreamWriter.h */,
				B6EA1E061D5DB01B00A59547 /* SBJsonStreamWriter.m */,
				B6EA1E071D5DB01B00A59547 /* SBJsonStreamWriterAccumulator.h */,
				B6EA1E081D5DB01B00A59547 /* SBJsonStreamWriterAccumulator.m */,
				B6EA1E091D5DB01B00A59547 /* SBJsonStreamWriterState.h */,
				B6EA1E0A1D5DB01B00A59547 /* SBJsonStreamWriterState.m */,
				B6EA1E0B1D5DB01B00A59547 /* SBJsonTokeniser.h */,
				B6EA1E0C1D5DB01B00A59547 /* SBJsonTokeniser.m */,
				B6EA1E0D1D5DB01B00A59547 /* SBJsonUTF8Stream.h */,
				B6EA1E0E1D5DB01B00A59547 /* SBJsonUTF8Stream.m */,
				B6EA1E0F1D5DB01C00A59547 /* SBJsonWriter.h */,
				B6EA1E101D5DB01C00A59547 /* SBJsonWriter.m */,
			);
			name = JSON;
			path = ../../MenuPics/MenuPics;
			sourceTree = "<group>";
		};
		195215471D6B038C00F78D37 /* CAPSPageMenu */ = {
			isa = PBXGroup;
			children = (
				195215481D6B03AB00F78D37 /* CAPSPageMenu.h */,
				195215491D6B03AB00F78D37 /* CAPSPageMenu.m */,
			);
			name = CAPSPageMenu;
			sourceTree = "<group>";
		};
		195BA3A81D2E3A67007D9FB6 /* Consignment */ = {
			isa = PBXGroup;
			children = (
				190C92E11D2D1A28008C3404 /* ConsignmentViewController.h */,
				190C92E21D2D1A28008C3404 /* ConsignmentViewController.m */,
				190C92E31D2D1A28008C3404 /* ConsignmentViewController.xib */,
				195BA3AB1D2E400B007D9FB6 /* TagListViewController.h */,
				195BA3AC1D2E400B007D9FB6 /* TagListViewController.m */,
				195BA3AD1D2E400B007D9FB6 /* TagListViewController.xib */,
				195BA3B01D2E40BB007D9FB6 /* TagViewCell.h */,
				195BA3B11D2E40BB007D9FB6 /* TagViewCell.m */,
				195BA3B21D2E40BB007D9FB6 /* TagViewCell.xib */,
			);
			name = Consignment;
			sourceTree = "<group>";
		};
		195BA3A91D2E3A77007D9FB6 /* Login */ = {
			isa = PBXGroup;
			children = (
				19C21ED21D17D03A006DFCBA /* LoginViewController.h */,
				19C21ED31D17D03A006DFCBA /* LoginViewController.m */,
				19C21ED41D17D03A006DFCBA /* LoginViewController.xib */,
				1977877A1D17DA2000712042 /* RegisterViewController.h */,
				1977877B1D17DA2000712042 /* RegisterViewController.m */,
				1977877C1D17DA2000712042 /* RegisterViewController.xib */,
				1977877F1D17F04800712042 /* ForgotPassViewController.h */,
				197787801D17F04800712042 /* ForgotPassViewController.m */,
				197787811D17F04800712042 /* ForgotPassViewController.xib */,
			);
			name = Login;
			sourceTree = "<group>";
		};
		195BA3AA1D2E3A88007D9FB6 /* Bluetooth Scanner */ = {
			isa = PBXGroup;
			children = (
				197787841D17F76900712042 /* BluetoothScanViewController.h */,
				197787851D17F76900712042 /* BluetoothScanViewController.m */,
				197787861D17F76900712042 /* BluetoothScanViewController.xib */,
				197787891D17F99B00712042 /* ScanViewCell.h */,
				1977878A1D17F99B00712042 /* ScanViewCell.m */,
				1977878B1D17F99B00712042 /* ScanViewCell.xib */,
				19B3D0D81D6F1FAD0095576C /* LoadStockViewController.h */,
				19B3D0D91D6F1FAD0095576C /* LoadStockViewController.m */,
				19B3D0DA1D6F1FAD0095576C /* LoadStockViewController.xib */,
				19AC8F2D1D707F84009512EA /* GoogleDriveFileListController.h */,
				19AC8F2E1D707F84009512EA /* GoogleDriveFileListController.m */,
				19AC8F2F1D707F84009512EA /* GoogleDriveFileListController.xib */,
			);
			name = "Bluetooth Scanner";
			sourceTree = "<group>";
		};
		19660D761D1194DB0062FA27 = {
			isa = PBXGroup;
			children = (
				190C92E71D2D2359008C3404 /* PrefixHeader.pch */,
				19660D811D1194DB0062FA27 /* tagitICE */,
				19660D801D1194DB0062FA27 /* Products */,
				58145C17633E166A971457D2 /* Pods */,
				65900B22FF3B8C03D19A28D7 /* Frameworks */,
			);
			sourceTree = "<group>";
		};
		19660D801D1194DB0062FA27 /* Products */ = {
			isa = PBXGroup;
			children = (
				19660D7F1D1194DB0062FA27 /* tagitICE.app */,
			);
			name = Products;
			sourceTree = "<group>";
		};
		19660D811D1194DB0062FA27 /* tagitICE */ = {
			isa = PBXGroup;
			children = (
				19660D851D1194DB0062FA27 /* AppDelegate.h */,
				19660D861D1194DB0062FA27 /* AppDelegate.m */,
				1977878E1D18020100712042 /* Services */,
				19C21ED71D17D43D006DFCBA /* Controllers */,
				19660D911D1194DB0062FA27 /* Assets.xcassets */,
				192D2E301D252FE3005CA7BD /* SplashScreen640-1136.png */,
				19660D931D1194DB0062FA27 /* LaunchScreen.storyboard */,
				B62A2B641D62E6B000FA0AF1 /* Stock_File.txt */,
				19330DEB1D549BFF004C981E /* beep-02.wav */,
				19330DED1D549D88004C981E /* beep-08b.mp3 */,
				19660D961D1194DB0062FA27 /* Info.plist */,
				19660D8E1D1194DB0062FA27 /* tagitICE.xcdatamodeld */,
				19BC2E341D1D7A1300B6EC9D /* Images.xcassets */,
				19660D821D1194DB0062FA27 /* Supporting Files */,
			);
			path = tagitICE;
			sourceTree = "<group>";
		};
		19660D821D1194DB0062FA27 /* Supporting Files */ = {
			isa = PBXGroup;
			children = (
				19660D831D1194DB0062FA27 /* main.m */,
			);
			name = "Supporting Files";
			sourceTree = "<group>";
		};
		1967B07A1D2BE68500AC8C41 /* SlideMenuView */ = {
			isa = PBXGroup;
			children = (
				1967B0981D2BEAB900AC8C41 /* MainVC.h */,
				1967B0991D2BEAB900AC8C41 /* MainVC.m */,
				190C92D71D2D15C3008C3404 /* LeftViewController.h */,
				190C92D81D2D15C3008C3404 /* LeftViewController.m */,
				190C92D91D2D15C3008C3404 /* LeftViewController.xib */,
				190C92DA1D2D15C3008C3404 /* LeftMenuViewCell.h */,
				190C92DB1D2D15C3008C3404 /* LeftMenuViewCell.m */,
				190C92DC1D2D15C3008C3404 /* LeftMenuViewCell.xib */,
			);
			name = SlideMenuView;
			sourceTree = "<group>";
		};
		1967B0811D2BE9FB00AC8C41 /* AMSlideMenu */ = {
			isa = PBXGroup;
			children = (
				1967B0821D2BEA6500AC8C41 /* AMSlideMenuContentSegue.h */,
				1967B0831D2BEA6500AC8C41 /* AMSlideMenuContentSegue.m */,
				1967B0841D2BEA6500AC8C41 /* AMSlideMenuLeftMenuSegue.h */,
				1967B0851D2BEA6500AC8C41 /* AMSlideMenuLeftMenuSegue.m */,
				1967B0861D2BEA6500AC8C41 /* AMSlideMenuLeftTableViewController.h */,
				1967B0871D2BEA6500AC8C41 /* AMSlideMenuLeftTableViewController.m */,
				1967B0881D2BEA6500AC8C41 /* AMSlideMenuMainViewController.h */,
				1967B0891D2BEA6500AC8C41 /* AMSlideMenuMainViewController.m */,
				1967B08A1D2BEA6500AC8C41 /* AMSlideMenuProtocols.h */,
				1967B08B1D2BEA6500AC8C41 /* AMSlideMenuRightMenuSegue.h */,
				1967B08C1D2BEA6500AC8C41 /* AMSlideMenuRightMenuSegue.m */,
				1967B08D1D2BEA6500AC8C41 /* AMSlideMenuRightTableViewController.h */,
				1967B08E1D2BEA6500AC8C41 /* AMSlideMenuRightTableViewController.m */,
				1967B08F1D2BEA6500AC8C41 /* UIViewController+AMSlideMenu.h */,
				1967B0901D2BEA6500AC8C41 /* UIViewController+AMSlideMenu.m */,
			);
			name = AMSlideMenu;
			sourceTree = "<group>";
		};
		197573A91D1977EE00A8B38A /* AFNetwork */ = {
			isa = PBXGroup;
			children = (
				197573AC1D19785B00A8B38A /* AFAppAPIClient.h */,
				197573AD1D19785B00A8B38A /* AFAppAPIClient.m */,
				197573AB1D19781C00A8B38A /* AFNetworking */,
				197573AA1D19780500A8B38A /* UIKit+AFNetworking */,
			);
			name = AFNetwork;
			sourceTree = "<group>";
		};
		197573AA1D19780500A8B38A /* UIKit+AFNetworking */ = {
			isa = PBXGroup;
			children = (
				197573CB1D19787A00A8B38A /* AFNetworkActivityIndicatorManager.h */,
				197573CC1D19787A00A8B38A /* AFNetworkActivityIndicatorManager.m */,
				197573CD1D19787A00A8B38A /* UIActivityIndicatorView+AFNetworking.h */,
				197573CE1D19787A00A8B38A /* UIActivityIndicatorView+AFNetworking.m */,
				197573CF1D19787A00A8B38A /* UIAlertView+AFNetworking.h */,
				197573D01D19787A00A8B38A /* UIAlertView+AFNetworking.m */,
				197573D11D19787A00A8B38A /* UIButton+AFNetworking.h */,
				197573D21D19787A00A8B38A /* UIButton+AFNetworking.m */,
				197573D31D19787A00A8B38A /* UIImageView+AFNetworking.h */,
				197573D41D19787A00A8B38A /* UIImageView+AFNetworking.m */,
				197573D51D19787A00A8B38A /* UIKit+AFNetworking.h */,
				197573D61D19787A00A8B38A /* UIProgressView+AFNetworking.h */,
				197573D71D19787A00A8B38A /* UIProgressView+AFNetworking.m */,
				197573D81D19787A00A8B38A /* UIRefreshControl+AFNetworking.h */,
				197573D91D19787A00A8B38A /* UIRefreshControl+AFNetworking.m */,
				197573DA1D19787A00A8B38A /* UIWebView+AFNetworking.h */,
				197573DB1D19787A00A8B38A /* UIWebView+AFNetworking.m */,
			);
			name = "UIKit+AFNetworking";
			sourceTree = "<group>";
		};
		197573AB1D19781C00A8B38A /* AFNetworking */ = {
			isa = PBXGroup;
			children = (
				197573AF1D19786800A8B38A /* AFHTTPRequestOperation.h */,
				197573B01D19786800A8B38A /* AFHTTPRequestOperation.m */,
				197573B11D19786800A8B38A /* AFHTTPRequestOperationManager.h */,
				197573B21D19786800A8B38A /* AFHTTPRequestOperationManager.m */,
				197573B31D19786800A8B38A /* AFHTTPSessionManager.h */,
				197573B41D19786800A8B38A /* AFHTTPSessionManager.m */,
				197573B51D19786800A8B38A /* AFNetworking.h */,
				197573B61D19786800A8B38A /* AFNetworkReachabilityManager.h */,
				197573B71D19786800A8B38A /* AFNetworkReachabilityManager.m */,
				197573B81D19786800A8B38A /* AFSecurityPolicy.h */,
				197573B91D19786800A8B38A /* AFSecurityPolicy.m */,
				197573BA1D19786800A8B38A /* AFURLConnectionOperation.h */,
				197573BB1D19786800A8B38A /* AFURLConnectionOperation.m */,
				197573BC1D19786800A8B38A /* AFURLRequestSerialization.h */,
				197573BD1D19786800A8B38A /* AFURLRequestSerialization.m */,
				197573BE1D19786800A8B38A /* AFURLResponseSerialization.h */,
				197573BF1D19786800A8B38A /* AFURLResponseSerialization.m */,
				197573C01D19786800A8B38A /* AFURLSessionManager.h */,
				197573C11D19786800A8B38A /* AFURLSessionManager.m */,
			);
			name = AFNetworking;
			sourceTree = "<group>";
		};
		1977878E1D18020100712042 /* Services */ = {
			isa = PBXGroup;
			children = (
				1990FE1A1D3E39850010955D /* Constants */,
				195215471D6B038C00F78D37 /* CAPSPageMenu */,
				19BFAE2B1D3CE42900F3D101 /* Entity */,
				B6F8EC571D5F13840090F57F /* MBProgressCircularBar */,
				B6EA1E1D1D5DD6C900A59547 /* CustomAlertView */,
				19FF28FF1D5B37E50037A123 /* ProgressViewBar */,
				19B19C841D534EB9000DC8A7 /* TextFieldPlaceholderAnimation */,
				19E7A3841D3F5F9B00F4BC26 /* CHCSVParser */,
				19226CD71D37C33B00A25C3D /* circle.png */,
				19B50D201D2AA1E5004C2C9B /* back.png */,
				195215431D6B007800F78D37 /* bluetooth.png */,
				195215441D6B007800F78D37 /* syncsrd.png */,
				195BA3A61D2E26A2007D9FB6 /* menu_icon.png */,
				1967B0811D2BE9FB00AC8C41 /* AMSlideMenu */,
				197573A91D1977EE00A8B38A /* AFNetwork */,
				190AFB1B1D1964DA00BC107D /* JSON */,
			);
			name = Services;
			sourceTree = "<group>";
		};
		1982A7881D49D88B004DC572 /* Search */ = {
			isa = PBXGroup;
			children = (
				1982A7891D49E20B004DC572 /* SearchViewController.h */,
				1982A78A1D49E20B004DC572 /* SearchViewController.m */,
				1982A78B1D49E20B004DC572 /* SearchViewController.xib */,
				197675991D51DD160029E98E /* SearchTagViewCell.h */,
				1976759A1D51DD160029E98E /* SearchTagViewCell.m */,
				1976759B1D51DD160029E98E /* SearchTagViewCell.xib */,
			);
			name = Search;
			sourceTree = "<group>";
		};
		1990FE1A1D3E39850010955D /* Constants */ = {
			isa = PBXGroup;
			children = (
				195249051D4777F0005518DD /* SFHFKeychainUtils.h */,
				195249061D4777F0005518DD /* SFHFKeychainUtils.m */,
				197573231D1975B500A8B38A /* Constant.h */,
				197573E41D1978AB00A8B38A /* utilees.h */,
				197573E51D1978AB00A8B38A /* utilees.m */,
				19EEDA1B1D3667EC00124866 /* TSLSelectReaderProtocol.h */,
				199AD4D11D4B6315007A284C /* SelectReaderInfo.h */,
				199AD4D21D4B6315007A284C /* SelectReaderInfo.m */,
				197675961D51C3B50029E98E /* CommoninventoryCommand.h */,
				197675971D51C3B50029E98E /* CommoninventoryCommand.m */,
			);
			name = Constants;
			sourceTree = "<group>";
		};
		199751381D2FB0C5002C26F8 /* Stock Check */ = {
			isa = PBXGroup;
			children = (
				199751391D2FB104002C26F8 /* StockCheckViewController.h */,
				1997513A1D2FB104002C26F8 /* StockCheckViewController.m */,
				1997513B1D2FB104002C26F8 /* StockCheckViewController.xib */,
				19C820181D6C3CCF0057AA0E /* TagViewController.h */,
				19C820191D6C3CCF0057AA0E /* TagViewController.m */,
				19C8201A1D6C3CCF0057AA0E /* TagViewController.xib */,
				19C820221D6C68C00057AA0E /* AllTagListViewController.h */,
				19C820231D6C68C00057AA0E /* AllTagListViewController.m */,
				19C820241D6C68C00057AA0E /* AllTagListViewController.xib */,
				19C820271D6C68D70057AA0E /* CategoryTagListViewController.h */,
				19C820281D6C68D70057AA0E /* CategoryTagListViewController.m */,
				19C820291D6C68D70057AA0E /* CategoryTagListViewController.xib */,
				1913FE121D719C820035825C /* CategoryWiseTagListViewController.h */,
				1913FE131D719C820035825C /* CategoryWiseTagListViewController.m */,
				1913FE141D719C820035825C /* CategoryWiseTagListViewController.xib */,
				19C8202C1D6C7C2C0057AA0E /* TagCollectionViewCell.h */,
				19C8202D1D6C7C2C0057AA0E /* TagCollectionViewCell.m */,
				19C8202E1D6C7C2C0057AA0E /* TagCollectionViewCell.xib */,
			);
			name = "Stock Check";
			sourceTree = "<group>";
		};
		19AC8F291D70246D009512EA /* Quotation */ = {
			isa = PBXGroup;
			children = (
				192EF9C51D756F0B00F7F9D8 /* QuotationHomeViewController.h */,
				192EF9C61D756F0B00F7F9D8 /* QuotationHomeViewController.m */,
				192EF9C71D756F0B00F7F9D8 /* QuotationHomeViewController.xib */,
			);
			name = Quotation;
			sourceTree = "<group>";
		};
		19B19C841D534EB9000DC8A7 /* TextFieldPlaceholderAnimation */ = {
			isa = PBXGroup;
			children = (
				19B19C851D534ECD000DC8A7 /* ACFloatingTextField.h */,
				19B19C861D534ECD000DC8A7 /* ACFloatingTextField.m */,
			);
			name = TextFieldPlaceholderAnimation;
			sourceTree = "<group>";
		};
		19BFAE2B1D3CE42900F3D101 /* Entity */ = {
			isa = PBXGroup;
			children = (
				19BFAE381D3CE50000F3D101 /* Tags+CoreDataProperties.h */,
				19BFAE391D3CE50000F3D101 /* Tags+CoreDataProperties.m */,
				19BFAE3A1D3CE50000F3D101 /* Tags.h */,
				19BFAE3B1D3CE50000F3D101 /* Tags.m */,
				19D5CE7C1D66F4EA0007B05C /* StockFile+CoreDataProperties.h */,
				19D5CE7D1D66F4EA0007B05C /* StockFile+CoreDataProperties.m */,
				19D5CE7E1D66F4EA0007B05C /* StockFile.h */,
				19D5CE7F1D66F4EA0007B05C /* StockFile.m */,
				19D5CE821D671D6F0007B05C /* TagsSC+CoreDataProperties.h */,
				19D5CE831D671D6F0007B05C /* TagsSC+CoreDataProperties.m */,
				19D5CE841D671D6F0007B05C /* TagsSC.h */,
				19D5CE851D671D6F0007B05C /* TagsSC.m */,
			);
			name = Entity;
			sourceTree = "<group>";
		};
		19C21ED71D17D43D006DFCBA /* Controllers */ = {
			isa = PBXGroup;
			children = (
				195BA3A91D2E3A77007D9FB6 /* Login */,
				195BA3AA1D2E3A88007D9FB6 /* Bluetooth Scanner */,
				1967B07A1D2BE68500AC8C41 /* SlideMenuView */,
				199751381D2FB0C5002C26F8 /* Stock Check */,
				195BA3A81D2E3A67007D9FB6 /* Consignment */,
				1982A7881D49D88B004DC572 /* Search */,
				19AC8F291D70246D009512EA /* Quotation */,
			);
			name = Controllers;
			sourceTree = "<group>";
		};
		19E7A3841D3F5F9B00F4BC26 /* CHCSVParser */ = {
			isa = PBXGroup;
			children = (
				19E7A3851D3F5FB200F4BC26 /* CHCSVParser.h */,
				19E7A3861D3F5FB200F4BC26 /* CHCSVParser.m */,
			);
			name = CHCSVParser;
			sourceTree = "<group>";
		};
		19FF28FF1D5B37E50037A123 /* ProgressViewBar */ = {
			isa = PBXGroup;
			children = (
				19FF29001D5B38050037A123 /* EAColourfulProgressView.h */,
				19FF29011D5B38050037A123 /* EAColourfulProgressView.m */,
			);
			name = ProgressViewBar;
			sourceTree = "<group>";
		};
		58145C17633E166A971457D2 /* Pods */ = {
			isa = PBXGroup;
			children = (
				27CBF6BE9AA404F8D7B48492 /* Pods-tagitICE.debug.xcconfig */,
				48E533485EBC0A422DB7C3D4 /* Pods-tagitICE.release.xcconfig */,
			);
			name = Pods;
			sourceTree = "<group>";
		};
		65900B22FF3B8C03D19A28D7 /* Frameworks */ = {
			isa = PBXGroup;
			children = (
				19330DE91D5498EC004C981E /* AudioToolbox.framework */,
				1990FE1B1D3E5A6F0010955D /* MessageUI.framework */,
				19C3602A1D34CF3E00A4D647 /* TSLAsciiCommands.framework */,
				19C360281D34CEE600A4D647 /* ExternalAccessory.framework */,
				1925453B1D1C0AC0003276B7 /* CoreBluetooth.framework */,
				6D2D377A3A8D0EE1323A03A5 /* libPods-tagitICE.a */,
			);
			name = Frameworks;
			sourceTree = "<group>";
		};
		B6EA1E1D1D5DD6C900A59547 /* CustomAlertView */ = {
			isa = PBXGroup;
			children = (
				B6EA1E1E1D5DD6D600A59547 /* CustomIOSAlertView.h */,
				B6EA1E1F1D5DD6D600A59547 /* CustomIOSAlertView.m */,
			);
			name = CustomAlertView;
			sourceTree = "<group>";
		};
		B6F8EC571D5F13840090F57F /* MBProgressCircularBar */ = {
			isa = PBXGroup;
			children = (
				B6F8EC581D5F13B50090F57F /* MBCircularProgressBarLayer.h */,
				B6F8EC591D5F13B50090F57F /* MBCircularProgressBarLayer.m */,
				B6F8EC5A1D5F13B50090F57F /* MBCircularProgressBarView.h */,
				B6F8EC5B1D5F13B50090F57F /* MBCircularProgressBarView.m */,
			);
			name = MBProgressCircularBar;
			sourceTree = "<group>";
		};
/* End PBXGroup section */

/* Begin PBXNativeTarget section */
		19660D7E1D1194DB0062FA27 /* tagitICE */ = {
			isa = PBXNativeTarget;
			buildConfigurationList = 19660D991D1194DB0062FA27 /* Build configuration list for PBXNativeTarget "tagitICE" */;
			buildPhases = (
				46816EBDFBAF28A9D5AC0A0F /* [CP] Check Pods Manifest.lock */,
				19660D7B1D1194DB0062FA27 /* Sources */,
				19660D7C1D1194DB0062FA27 /* Frameworks */,
				19660D7D1D1194DB0062FA27 /* Resources */,
				EC50AFA1D36B9DCD34453488 /* [CP] Embed Pods Frameworks */,
				DA95E5009E17CE66C4A10598 /* [CP] Copy Pods Resources */,
			);
			buildRules = (
			);
			dependencies = (
			);
			name = tagitICE;
			productName = tagitICE;
			productReference = 19660D7F1D1194DB0062FA27 /* tagitICE.app */;
			productType = "com.apple.product-type.application";
		};
/* End PBXNativeTarget section */

/* Begin PBXProject section */
		19660D771D1194DB0062FA27 /* Project object */ = {
			isa = PBXProject;
			attributes = {
				LastUpgradeCheck = 0730;
				ORGANIZATIONNAME = "Sands Technologies";
				TargetAttributes = {
					19660D7E1D1194DB0062FA27 = {
						CreatedOnToolsVersion = 7.3;
						DevelopmentTeam = W9KH64PC2V;
					};
				};
			};
			buildConfigurationList = 19660D7A1D1194DB0062FA27 /* Build configuration list for PBXProject "tagitICE" */;
			compatibilityVersion = "Xcode 3.2";
			developmentRegion = English;
			hasScannedForEncodings = 0;
			knownRegions = (
				en,
				Base,
			);
			mainGroup = 19660D761D1194DB0062FA27;
			productRefGroup = 19660D801D1194DB0062FA27 /* Products */;
			projectDirPath = "";
			projectRoot = "";
			targets = (
				19660D7E1D1194DB0062FA27 /* tagitICE */,
			);
		};
/* End PBXProject section */

/* Begin PBXResourcesBuildPhase section */
		19660D7D1D1194DB0062FA27 /* Resources */ = {
			isa = PBXResourcesBuildPhase;
			buildActionMask = 2147483647;
			files = (
				190C92E51D2D1A28008C3404 /* ConsignmentViewController.xib in Resources */,
				19C8202B1D6C68D70057AA0E /* CategoryTagListViewController.xib in Resources */,
				19AC8F311D707F84009512EA /* GoogleDriveFileListController.xib in Resources */,
				1913FE161D719C820035825C /* CategoryWiseTagListViewController.xib in Resources */,
				19330DEE1D549D88004C981E /* beep-08b.mp3 in Resources */,
				19330DEC1D549BFF004C981E /* beep-02.wav in Resources */,
				19C820261D6C68C00057AA0E /* AllTagListViewController.xib in Resources */,
				1982A78D1D49E20B004DC572 /* SearchViewController.xib in Resources */,
				19BC2E351D1D7A1400B6EC9D /* Images.xcassets in Resources */,
				1976759D1D51DD160029E98E /* SearchTagViewCell.xib in Resources */,
				197787831D17F04800712042 /* ForgotPassViewController.xib in Resources */,
				195215461D6B007900F78D37 /* syncsrd.png in Resources */,
				19226CD81D37C33B00A25C3D /* circle.png in Resources */,
				190C92DE1D2D15C3008C3404 /* LeftViewController.xib in Resources */,
				19660D951D1194DB0062FA27 /* LaunchScreen.storyboard in Resources */,
				192D2E311D252FE3005CA7BD /* SplashScreen640-1136.png in Resources */,
				1977878D1D17F99B00712042 /* ScanViewCell.xib in Resources */,
				195BA3B41D2E40BB007D9FB6 /* TagViewCell.xib in Resources */,
				1997513D1D2FB104002C26F8 /* StockCheckViewController.xib in Resources */,
				19660D921D1194DB0062FA27 /* Assets.xcassets in Resources */,
				195BA3AF1D2E400B007D9FB6 /* TagListViewController.xib in Resources */,
				19B50D211D2AA1E5004C2C9B /* back.png in Resources */,
				B62A2B651D62E6B000FA0AF1 /* Stock_File.txt in Resources */,
				190C92E01D2D15C3008C3404 /* LeftMenuViewCell.xib in Resources */,
				19C21ED61D17D03A006DFCBA /* LoginViewController.xib in Resources */,
				19B3D0DC1D6F1FAD0095576C /* LoadStockViewController.xib in Resources */,
				192EF9C91D756F0B00F7F9D8 /* QuotationHomeViewController.xib in Resources */,
				195BA3A71D2E26A2007D9FB6 /* menu_icon.png in Resources */,
				197787881D17F76900712042 /* BluetoothScanViewController.xib in Resources */,
				195215451D6B007800F78D37 /* bluetooth.png in Resources */,
				1977877E1D17DA2000712042 /* RegisterViewController.xib in Resources */,
				19C8201C1D6C3CCF0057AA0E /* TagViewController.xib in Resources */,
				19C820301D6C7C2C0057AA0E /* TagCollectionViewCell.xib in Resources */,
			);
			runOnlyForDeploymentPostprocessing = 0;
		};
/* End PBXResourcesBuildPhase section */

/* Begin PBXShellScriptBuildPhase section */
		46816EBDFBAF28A9D5AC0A0F /* [CP] Check Pods Manifest.lock */ = {
			isa = PBXShellScriptBuildPhase;
			buildActionMask = 2147483647;
			files = (
			);
			inputPaths = (
			);
			name = "[CP] Check Pods Manifest.lock";
			outputPaths = (
			);
			runOnlyForDeploymentPostprocessing = 0;
			shellPath = /bin/sh;
			shellScript = "diff \"${PODS_ROOT}/../Podfile.lock\" \"${PODS_ROOT}/Manifest.lock\" > /dev/null\nif [[ $? != 0 ]] ; then\n    cat << EOM\nerror: The sandbox is not in sync with the Podfile.lock. Run 'pod install' or update your CocoaPods installation.\nEOM\n    exit 1\nfi\n";
			showEnvVarsInLog = 0;
		};
		DA95E5009E17CE66C4A10598 /* [CP] Copy Pods Resources */ = {
			isa = PBXShellScriptBuildPhase;
			buildActionMask = 2147483647;
			files = (
			);
			inputPaths = (
			);
			name = "[CP] Copy Pods Resources";
			outputPaths = (
			);
			runOnlyForDeploymentPostprocessing = 0;
			shellPath = /bin/sh;
			shellScript = "\"${SRCROOT}/Pods/Target Support Files/Pods-tagitICE/Pods-tagitICE-resources.sh\"\n";
			showEnvVarsInLog = 0;
		};
		EC50AFA1D36B9DCD34453488 /* [CP] Embed Pods Frameworks */ = {
			isa = PBXShellScriptBuildPhase;
			buildActionMask = 2147483647;
			files = (
			);
			inputPaths = (
			);
			name = "[CP] Embed Pods Frameworks";
			outputPaths = (
			);
			runOnlyForDeploymentPostprocessing = 0;
			shellPath = /bin/sh;
			shellScript = "\"${SRCROOT}/Pods/Target Support Files/Pods-tagitICE/Pods-tagitICE-frameworks.sh\"\n";
			showEnvVarsInLog = 0;
		};
/* End PBXShellScriptBuildPhase section */

/* Begin PBXSourcesBuildPhase section */
		19660D7B1D1194DB0062FA27 /* Sources */ = {
			isa = PBXSourcesBuildPhase;
			buildActionMask = 2147483647;
			files = (
				197573C71D19786800A8B38A /* AFURLConnectionOperation.m in Sources */,
				197573AE1D19785B00A8B38A /* AFAppAPIClient.m in Sources */,
				1952154A1D6B03AB00F78D37 /* CAPSPageMenu.m in Sources */,
				1967B0951D2BEA6500AC8C41 /* AMSlideMenuRightMenuSegue.m in Sources */,
				19D5CE871D671D6F0007B05C /* TagsSC.m in Sources */,
				19FF29021D5B38050037A123 /* EAColourfulProgressView.m in Sources */,
				1982A78C1D49E20B004DC572 /* SearchViewController.m in Sources */,
				197675981D51C3B50029E98E /* CommoninventoryCommand.m in Sources */,
				197573DD1D19787A00A8B38A /* UIActivityIndicatorView+AFNetworking.m in Sources */,
				19BFAE3D1D3CE50000F3D101 /* Tags.m in Sources */,
				197573C21D19786800A8B38A /* AFHTTPRequestOperation.m in Sources */,
				19C820251D6C68C00057AA0E /* AllTagListViewController.m in Sources */,
				B6EA1E191D5DB01C00A59547 /* SBJsonStreamWriterState.m in Sources */,
				190C92E41D2D1A28008C3404 /* ConsignmentViewController.m in Sources */,
				B6F8EC5D1D5F13B50090F57F /* MBCircularProgressBarView.m in Sources */,
				1967B0921D2BEA6500AC8C41 /* AMSlideMenuLeftMenuSegue.m in Sources */,
				197573C91D19786800A8B38A /* AFURLResponseSerialization.m in Sources */,
				190C92DD1D2D15C3008C3404 /* LeftViewController.m in Sources */,
				197573E01D19787A00A8B38A /* UIImageView+AFNetworking.m in Sources */,
				1976759C1D51DD160029E98E /* SearchTagViewCell.m in Sources */,
				B6EA1E151D5DB01C00A59547 /* SBJsonStreamParserAdapter.m in Sources */,
				197573E31D19787A00A8B38A /* UIWebView+AFNetworking.m in Sources */,
				195249071D4777F0005518DD /* SFHFKeychainUtils.m in Sources */,
				1977877D1D17DA2000712042 /* RegisterViewController.m in Sources */,
				B6EA1E111D5DB01C00A59547 /* NSObject+SBJson.m in Sources */,
				19B19C871D534ECD000DC8A7 /* ACFloatingTextField.m in Sources */,
				195BA3AE1D2E400B007D9FB6 /* TagListViewController.m in Sources */,
				19D5CE861D671D6F0007B05C /* TagsSC+CoreDataProperties.m in Sources */,
				1977878C1D17F99B00712042 /* ScanViewCell.m in Sources */,
				199AD4D31D4B6315007A284C /* SelectReaderInfo.m in Sources */,
				1997513C1D2FB104002C26F8 /* StockCheckViewController.m in Sources */,
				19C21ED51D17D03A006DFCBA /* LoginViewController.m in Sources */,
				197787821D17F04800712042 /* ForgotPassViewController.m in Sources */,
				B6EA1E161D5DB01C00A59547 /* SBJsonStreamParserState.m in Sources */,
				19C8202F1D6C7C2C0057AA0E /* TagCollectionViewCell.m in Sources */,
				197573C61D19786800A8B38A /* AFSecurityPolicy.m in Sources */,
				197573CA1D19786800A8B38A /* AFURLSessionManager.m in Sources */,
				1967B0941D2BEA6500AC8C41 /* AMSlideMenuMainViewController.m in Sources */,
				190C92DF1D2D15C3008C3404 /* LeftMenuViewCell.m in Sources */,
				197573DF1D19787A00A8B38A /* UIButton+AFNetworking.m in Sources */,
				19E7A3871D3F5FB200F4BC26 /* CHCSVParser.m in Sources */,
				19D5CE801D66F4EA0007B05C /* StockFile+CoreDataProperties.m in Sources */,
				192EF9C81D756F0B00F7F9D8 /* QuotationHomeViewController.m in Sources */,
				19C8202A1D6C68D70057AA0E /* CategoryTagListViewController.m in Sources */,
				19B3D0DB1D6F1FAD0095576C /* LoadStockViewController.m in Sources */,
				197573C41D19786800A8B38A /* AFHTTPSessionManager.m in Sources */,
				19D5CE811D66F4EA0007B05C /* StockFile.m in Sources */,
				B6F8EC5C1D5F13B50090F57F /* MBCircularProgressBarLayer.m in Sources */,
				B6EA1E131D5DB01C00A59547 /* SBJsonStreamParser.m in Sources */,
				1967B0911D2BEA6500AC8C41 /* AMSlideMenuContentSegue.m in Sources */,
				197787871D17F76900712042 /* BluetoothScanViewController.m in Sources */,
				197573C51D19786800A8B38A /* AFNetworkReachabilityManager.m in Sources */,
				B6EA1E201D5DD6D600A59547 /* CustomIOSAlertView.m in Sources */,
				197573DC1D19787A00A8B38A /* AFNetworkActivityIndicatorManager.m in Sources */,
				1967B0961D2BEA6500AC8C41 /* AMSlideMenuRightTableViewController.m in Sources */,
				1967B0971D2BEA6500AC8C41 /* UIViewController+AMSlideMenu.m in Sources */,
				197573C31D19786800A8B38A /* AFHTTPRequestOperationManager.m in Sources */,
				1967B09A1D2BEAB900AC8C41 /* MainVC.m in Sources */,
				197573C81D19786800A8B38A /* AFURLRequestSerialization.m in Sources */,
				197573E61D1978AB00A8B38A /* utilees.m in Sources */,
				197573DE1D19787A00A8B38A /* UIAlertView+AFNetworking.m in Sources */,
				19660D871D1194DB0062FA27 /* AppDelegate.m in Sources */,
				1913FE151D719C820035825C /* CategoryWiseTagListViewController.m in Sources */,
				19C8201B1D6C3CCF0057AA0E /* TagViewController.m in Sources */,
				B6EA1E1C1D5DB01C00A59547 /* SBJsonWriter.m in Sources */,
				197573E21D19787A00A8B38A /* UIRefreshControl+AFNetworking.m in Sources */,
				B6EA1E121D5DB01C00A59547 /* SBJsonParser.m in Sources */,
				B6EA1E181D5DB01C00A59547 /* SBJsonStreamWriterAccumulator.m in Sources */,
				197573E11D19787A00A8B38A /* UIProgressView+AFNetworking.m in Sources */,
				19660D841D1194DB0062FA27 /* main.m in Sources */,
				B6EA1E141D5DB01C00A59547 /* SBJsonStreamParserAccumulator.m in Sources */,
				1967B0931D2BEA6500AC8C41 /* AMSlideMenuLeftTableViewController.m in Sources */,
				B6EA1E1A1D5DB01C00A59547 /* SBJsonTokeniser.m in Sources */,
				19AC8F301D707F84009512EA /* GoogleDriveFileListController.m in Sources */,
				B6EA1E1B1D5DB01C00A59547 /* SBJsonUTF8Stream.m in Sources */,
				19660D901D1194DB0062FA27 /* tagitICE.xcdatamodeld in Sources */,
				19BFAE3C1D3CE50000F3D101 /* Tags+CoreDataProperties.m in Sources */,
				195BA3B31D2E40BB007D9FB6 /* TagViewCell.m in Sources */,
				B6EA1E171D5DB01C00A59547 /* SBJsonStreamWriter.m in Sources */,
			);
			runOnlyForDeploymentPostprocessing = 0;
		};
/* End PBXSourcesBuildPhase section */

/* Begin PBXVariantGroup section */
		19660D931D1194DB0062FA27 /* LaunchScreen.storyboard */ = {
			isa = PBXVariantGroup;
			children = (
				19660D941D1194DB0062FA27 /* Base */,
			);
			name = LaunchScreen.storyboard;
			sourceTree = "<group>";
		};
/* End PBXVariantGroup section */

/* Begin XCBuildConfiguration section */
		19660D971D1194DB0062FA27 /* Debug */ = {
			isa = XCBuildConfiguration;
			buildSettings = {
				ALWAYS_SEARCH_USER_PATHS = NO;
				CLANG_ANALYZER_NONNULL = YES;
				CLANG_CXX_LANGUAGE_STANDARD = "gnu++0x";
				CLANG_CXX_LIBRARY = "libc++";
				CLANG_ENABLE_MODULES = YES;
				CLANG_ENABLE_OBJC_ARC = YES;
				CLANG_WARN_BOOL_CONVERSION = YES;
				CLANG_WARN_CONSTANT_CONVERSION = YES;
				CLANG_WARN_DIRECT_OBJC_ISA_USAGE = YES_ERROR;
				CLANG_WARN_EMPTY_BODY = YES;
				CLANG_WARN_ENUM_CONVERSION = YES;
				CLANG_WARN_INT_CONVERSION = YES;
				CLANG_WARN_OBJC_ROOT_CLASS = YES_ERROR;
				CLANG_WARN_UNREACHABLE_CODE = YES;
				CLANG_WARN__DUPLICATE_METHOD_MATCH = YES;
				CODE_SIGN_IDENTITY = "iPhone Distribution: Sands Technologies Private Limited (W9KH64PC2V)";
				"CODE_SIGN_IDENTITY[sdk=iphoneos*]" = "iPhone Distribution: Sands Technologies Private Limited (W9KH64PC2V)";
				COPY_PHASE_STRIP = NO;
				DEBUG_INFORMATION_FORMAT = dwarf;
				ENABLE_STRICT_OBJC_MSGSEND = YES;
				ENABLE_TESTABILITY = YES;
				GCC_C_LANGUAGE_STANDARD = gnu99;
				GCC_DYNAMIC_NO_PIC = NO;
				GCC_NO_COMMON_BLOCKS = YES;
				GCC_OPTIMIZATION_LEVEL = 0;
				GCC_PREPROCESSOR_DEFINITIONS = (
					"DEBUG=1",
					"$(inherited)",
				);
				GCC_WARN_64_TO_32_BIT_CONVERSION = YES;
				GCC_WARN_ABOUT_RETURN_TYPE = YES_ERROR;
				GCC_WARN_UNDECLARED_SELECTOR = YES;
				GCC_WARN_UNINITIALIZED_AUTOS = YES_AGGRESSIVE;
				GCC_WARN_UNUSED_FUNCTION = YES;
				GCC_WARN_UNUSED_VARIABLE = YES;
				IPHONEOS_DEPLOYMENT_TARGET = 9.3;
				MTL_ENABLE_DEBUG_INFO = YES;
				ONLY_ACTIVE_ARCH = YES;
				PROVISIONING_PROFILE = "e872aede-d622-4305-b486-ae88b32a62e4";
				SDKROOT = iphoneos;
			};
			name = Debug;
		};
		19660D981D1194DB0062FA27 /* Release */ = {
			isa = XCBuildConfiguration;
			buildSettings = {
				ALWAYS_SEARCH_USER_PATHS = NO;
				CLANG_ANALYZER_NONNULL = YES;
				CLANG_CXX_LANGUAGE_STANDARD = "gnu++0x";
				CLANG_CXX_LIBRARY = "libc++";
				CLANG_ENABLE_MODULES = YES;
				CLANG_ENABLE_OBJC_ARC = YES;
				CLANG_WARN_BOOL_CONVERSION = YES;
				CLANG_WARN_CONSTANT_CONVERSION = YES;
				CLANG_WARN_DIRECT_OBJC_ISA_USAGE = YES_ERROR;
				CLANG_WARN_EMPTY_BODY = YES;
				CLANG_WARN_ENUM_CONVERSION = YES;
				CLANG_WARN_INT_CONVERSION = YES;
				CLANG_WARN_OBJC_ROOT_CLASS = YES_ERROR;
				CLANG_WARN_UNREACHABLE_CODE = YES;
				CLANG_WARN__DUPLICATE_METHOD_MATCH = YES;
				CODE_SIGN_IDENTITY = "iPhone Distribution: Sands Technologies Private Limited (W9KH64PC2V)";
				"CODE_SIGN_IDENTITY[sdk=iphoneos*]" = "iPhone Distribution: Sands Technologies Private Limited (W9KH64PC2V)";
				COPY_PHASE_STRIP = NO;
				DEBUG_INFORMATION_FORMAT = "dwarf-with-dsym";
				ENABLE_NS_ASSERTIONS = NO;
				ENABLE_STRICT_OBJC_MSGSEND = YES;
				GCC_C_LANGUAGE_STANDARD = gnu99;
				GCC_NO_COMMON_BLOCKS = YES;
				GCC_WARN_64_TO_32_BIT_CONVERSION = YES;
				GCC_WARN_ABOUT_RETURN_TYPE = YES_ERROR;
				GCC_WARN_UNDECLARED_SELECTOR = YES;
				GCC_WARN_UNINITIALIZED_AUTOS = YES_AGGRESSIVE;
				GCC_WARN_UNUSED_FUNCTION = YES;
				GCC_WARN_UNUSED_VARIABLE = YES;
				IPHONEOS_DEPLOYMENT_TARGET = 9.3;
				MTL_ENABLE_DEBUG_INFO = NO;
				PROVISIONING_PROFILE = "e872aede-d622-4305-b486-ae88b32a62e4";
				SDKROOT = iphoneos;
				VALIDATE_PRODUCT = YES;
			};
			name = Release;
		};
		19660D9A1D1194DB0062FA27 /* Debug */ = {
			isa = XCBuildConfiguration;
			baseConfigurationReference = 27CBF6BE9AA404F8D7B48492 /* Pods-tagitICE.debug.xcconfig */;
			buildSettings = {
				ASSETCATALOG_COMPILER_APPICON_NAME = AppIcon;
				CODE_SIGN_IDENTITY = "iPhone Developer: Sandeep Madiwal (W6L8CS5L36)";
				"CODE_SIGN_IDENTITY[sdk=iphoneos*]" = "iPhone Developer: Sandeep Madiwal (W6L8CS5L36)";
				ENABLE_BITCODE = NO;
				FRAMEWORK_SEARCH_PATHS = (
					"$(inherited)",
					"$(PROJECT_DIR)",
				);
				GCC_PRECOMPILE_PREFIX_HEADER = NO;
				GCC_PREFIX_HEADER = "$(SRCROOT)/PrefixHeader.pch";
				INFOPLIST_FILE = tagitICE/Info.plist;
				IPHONEOS_DEPLOYMENT_TARGET = 8.0;
				LD_RUNPATH_SEARCH_PATHS = "$(inherited) @executable_path/Frameworks";
				PRODUCT_BUNDLE_IDENTIFIER = "SANDS-TECHNOLOGIES.tagitICE";
				PRODUCT_NAME = "$(TARGET_NAME)";
				PROVISIONING_PROFILE = "030b4024-1130-4c11-858d-798fa9bf95b1";
				TARGETED_DEVICE_FAMILY = "1,2";
			};
			name = Debug;
		};
		19660D9B1D1194DB0062FA27 /* Release */ = {
			isa = XCBuildConfiguration;
			baseConfigurationReference = 48E533485EBC0A422DB7C3D4 /* Pods-tagitICE.release.xcconfig */;
			buildSettings = {
				ASSETCATALOG_COMPILER_APPICON_NAME = AppIcon;
				CODE_SIGN_IDENTITY = "iPhone Developer: Sandeep Madiwal (W6L8CS5L36)";
				"CODE_SIGN_IDENTITY[sdk=iphoneos*]" = "iPhone Developer: Sandeep Madiwal (W6L8CS5L36)";
				ENABLE_BITCODE = NO;
				FRAMEWORK_SEARCH_PATHS = (
					"$(inherited)",
					"$(PROJECT_DIR)",
				);
				GCC_PRECOMPILE_PREFIX_HEADER = NO;
				GCC_PREFIX_HEADER = "$(SRCROOT)/PrefixHeader.pch";
				INFOPLIST_FILE = tagitICE/Info.plist;
				IPHONEOS_DEPLOYMENT_TARGET = 8.0;
				LD_RUNPATH_SEARCH_PATHS = "$(inherited) @executable_path/Frameworks";
				PRODUCT_BUNDLE_IDENTIFIER = "SANDS-TECHNOLOGIES.tagitICE";
				PRODUCT_NAME = "$(TARGET_NAME)";
				PROVISIONING_PROFILE = "030b4024-1130-4c11-858d-798fa9bf95b1";
				TARGETED_DEVICE_FAMILY = "1,2";
			};
			name = Release;
		};
/* End XCBuildConfiguration section */

/* Begin XCConfigurationList section */
		19660D7A1D1194DB0062FA27 /* Build configuration list for PBXProject "tagitICE" */ = {
			isa = XCConfigurationList;
			buildConfigurations = (
				19660D971D1194DB0062FA27 /* Debug */,
				19660D981D1194DB0062FA27 /* Release */,
			);
			defaultConfigurationIsVisible = 0;
			defaultConfigurationName = Release;
		};
		19660D991D1194DB0062FA27 /* Build configuration list for PBXNativeTarget "tagitICE" */ = {
			isa = XCConfigurationList;
			buildConfigurations = (
				19660D9A1D1194DB0062FA27 /* Debug */,
				19660D9B1D1194DB0062FA27 /* Release */,
			);
			defaultConfigurationIsVisible = 0;
			defaultConfigurationName = Release;
		};
/* End XCConfigurationList section */

/* Begin XCVersionGroup section */
		19660D8E1D1194DB0062FA27 /* tagitICE.xcdatamodeld */ = {
			isa = XCVersionGroup;
			children = (
				19660D8F1D1194DB0062FA27 /* tagitICE.xcdatamodel */,
			);
			currentVersion = 19660D8F1D1194DB0062FA27 /* tagitICE.xcdatamodel */;
			path = tagitICE.xcdatamodeld;
			sourceTree = "<group>";
			versionGroupType = wrapper.xcdatamodel;
		};
/* End XCVersionGroup section */
	};
	rootObject = 19660D771D1194DB0062FA27 /* Project object */;
}
